{
  "version": 4,
  "terraform_version": "1.11.0",
  "serial": 390,
  "lineage": "fd8f1c26-0f31-83d3-511f-6385289317ed",
  "outputs": {
    "api_invoke_url": {
      "value": "https://0ayys8nze8.execute-api.us-east-1.amazonaws.com/prod/messages",
      "type": "string"
    },
    "s3_bucket_name": {
      "value": "agent-registry-app-frontend",
      "type": "string"
    },
    "website_url": {
      "value": "https://dvuwd91m1ghd.cloudfront.net",
      "type": "string"
    }
  },
  "resources": [
    {
      "mode": "data",
      "type": "aws_caller_identity",
      "name": "current",
      "provider": "provider[\"registry.terraform.io/hashicorp/aws\"]",
      "instances": [
        {
          "schema_version": 0,
          "attributes": {
            "account_id": "891377344574",
            "arn": "arn:aws:iam::891377344574:user/multi-agent-user",
            "id": "891377344574",
            "user_id": "AIDA47CR24A7EMWZKH2KT"
          },
          "sensitive_attributes": []
        }
      ]
    },
    {
      "mode": "data",
      "type": "aws_iam_policy_document",
      "name": "secrets_manager_access",
      "provider": "provider[\"registry.terraform.io/hashicorp/aws\"]",
      "instances": [
        {
          "schema_version": 0,
          "attributes": {
            "id": "4066642376",
            "json": "{\n  \"Version\": \"2012-10-17\",\n  \"Statement\": [\n    {\n      \"Effect\": \"Allow\",\n      \"Action\": \"secretsmanager:GetSecretValue\",\n      \"Resource\": \"arn:aws:secretsmanager:us-east-1:891377344574:secret:SalesforceCredentials-*\"\n    }\n  ]\n}",
            "minified_json": "{\"Version\":\"2012-10-17\",\"Statement\":[{\"Effect\":\"Allow\",\"Action\":\"secretsmanager:GetSecretValue\",\"Resource\":\"arn:aws:secretsmanager:us-east-1:891377344574:secret:SalesforceCredentials-*\"}]}",
            "override_json": null,
            "override_policy_documents": null,
            "policy_id": null,
            "source_json": null,
            "source_policy_documents": null,
            "statement": [
              {
                "actions": [
                  "secretsmanager:GetSecretValue"
                ],
                "condition": [],
                "effect": "Allow",
                "not_actions": [],
                "not_principals": [],
                "not_resources": [],
                "principals": [],
                "resources": [
                  "arn:aws:secretsmanager:us-east-1:891377344574:secret:SalesforceCredentials-*"
                ],
                "sid": ""
              }
            ],
            "version": "2012-10-17"
          },
          "sensitive_attributes": []
        }
      ]
    },
    {
      "mode": "data",
      "type": "aws_region",
      "name": "current",
      "provider": "provider[\"registry.terraform.io/hashicorp/aws\"]",
      "instances": [
        {
          "schema_version": 0,
          "attributes": {
            "description": "US East (N. Virginia)",
            "endpoint": "ec2.us-east-1.amazonaws.com",
            "id": "us-east-1",
            "name": "us-east-1"
          },
          "sensitive_attributes": []
        }
      ]
    },
    {
      "mode": "managed",
      "type": "aws_api_gateway_authorizer",
      "name": "token_authorizer",
      "provider": "provider[\"registry.terraform.io/hashicorp/aws\"]",
      "instances": [
        {
          "schema_version": 0,
          "attributes": {
            "arn": "arn:aws:apigateway:us-east-1::/restapis/0ayys8nze8/authorizers/cetsot",
            "authorizer_credentials": "",
            "authorizer_result_ttl_in_seconds": 300,
            "authorizer_uri": "arn:aws:apigateway:us-east-1:lambda:path/2015-03-31/functions/arn:aws:lambda:us-east-1:891377344574:function:authroizerLambda/invocations",
            "id": "cetsot",
            "identity_source": "method.request.header.Authorization",
            "identity_validation_expression": "",
            "name": "tokenAuthorizer",
            "provider_arns": [],
            "rest_api_id": "0ayys8nze8",
            "type": "TOKEN"
          },
          "sensitive_attributes": [],
          "private": "bnVsbA==",
          "dependencies": [
            "aws_api_gateway_rest_api.agent_api",
            "aws_iam_role.lambda_exec",
            "aws_lambda_function.authorizer",
            "data.aws_region.current"
          ]
        }
      ]
    },
    {
      "mode": "managed",
      "type": "aws_api_gateway_deployment",
      "name": "agent_api_deployment",
      "provider": "provider[\"registry.terraform.io/hashicorp/aws\"]",
      "instances": [
        {
          "schema_version": 0,
          "attributes": {
            "canary_settings": [],
            "created_date": "2025-03-01T18:37:21Z",
            "description": "",
            "execution_arn": "arn:aws:execute-api:us-east-1:891377344574:0ayys8nze8/prod",
            "id": "1xia77",
            "invoke_url": "https://0ayys8nze8.execute-api.us-east-1.amazonaws.com/prod",
            "rest_api_id": "0ayys8nze8",
            "stage_description": null,
            "stage_name": "prod",
            "triggers": null,
            "variables": null
          },
          "sensitive_attributes": [],
          "private": "bnVsbA==",
          "dependencies": [
            "aws_api_gateway_authorizer.token_authorizer",
            "aws_api_gateway_integration.api_integrations",
            "aws_api_gateway_integration.get_messages_integration",
            "aws_api_gateway_integration.post_messages_integration",
            "aws_api_gateway_integration.put_ack_message_integration",
            "aws_api_gateway_method.api_methods",
            "aws_api_gateway_method.get_messages",
            "aws_api_gateway_method.post_messages",
            "aws_api_gateway_method.put_ack_message",
            "aws_api_gateway_resource.ack",
            "aws_api_gateway_resource.ack_message",
            "aws_api_gateway_resource.approve_access",
            "aws_api_gateway_resource.messages",
            "aws_api_gateway_resource.register",
            "aws_api_gateway_resource.request_access",
            "aws_api_gateway_resource.token",
            "aws_api_gateway_resource.validate",
            "aws_api_gateway_rest_api.agent_api",
            "aws_dynamodb_table.access_control",
            "aws_dynamodb_table.agent_messages",
            "aws_dynamodb_table.agents",
            "aws_dynamodb_table.tokens",
            "aws_iam_role.lambda_exec",
            "aws_lambda_function.ack_message",
            "aws_lambda_function.authorizer",
            "aws_lambda_function.get_messages",
            "aws_lambda_function.oauth2_registry",
            "aws_lambda_function.send_message",
            "data.aws_region.current"
          ]
        }
      ]
    },
    {
      "mode": "managed",
      "type": "aws_api_gateway_integration",
      "name": "api_integrations",
      "provider": "provider[\"registry.terraform.io/hashicorp/aws\"]",
      "instances": [
        {
          "index_key": "approve_access",
          "schema_version": 0,
          "attributes": {
            "cache_key_parameters": [],
            "cache_namespace": "gwafct",
            "connection_id": "",
            "connection_type": "INTERNET",
            "content_handling": "",
            "credentials": "",
            "http_method": "POST",
            "id": "agi-0ayys8nze8-gwafct-POST",
            "integration_http_method": "POST",
            "passthrough_behavior": "WHEN_NO_MATCH",
            "request_parameters": {},
            "request_templates": {},
            "resource_id": "gwafct",
            "rest_api_id": "0ayys8nze8",
            "timeout_milliseconds": 29000,
            "tls_config": [],
            "type": "AWS_PROXY",
            "uri": "arn:aws:apigateway:us-east-1:lambda:path/2015-03-31/functions/arn:aws:lambda:us-east-1:891377344574:function:agentRegistryLambda/invocations"
          },
          "sensitive_attributes": [],
          "private": "bnVsbA==",
          "dependencies": [
            "aws_api_gateway_method.api_methods",
            "aws_api_gateway_resource.approve_access",
            "aws_api_gateway_resource.register",
            "aws_api_gateway_resource.request_access",
            "aws_api_gateway_resource.token",
            "aws_api_gateway_resource.validate",
            "aws_api_gateway_rest_api.agent_api",
            "aws_dynamodb_table.access_control",
            "aws_dynamodb_table.agents",
            "aws_dynamodb_table.tokens",
            "aws_iam_role.lambda_exec",
            "aws_lambda_function.oauth2_registry"
          ]
        },
        {
          "index_key": "register",
          "schema_version": 0,
          "attributes": {
            "cache_key_parameters": [],
            "cache_namespace": "dfigmb",
            "connection_id": "",
            "connection_type": "INTERNET",
            "content_handling": "",
            "credentials": "",
            "http_method": "POST",
            "id": "agi-0ayys8nze8-dfigmb-POST",
            "integration_http_method": "POST",
            "passthrough_behavior": "WHEN_NO_MATCH",
            "request_parameters": {},
            "request_templates": {},
            "resource_id": "dfigmb",
            "rest_api_id": "0ayys8nze8",
            "timeout_milliseconds": 29000,
            "tls_config": [],
            "type": "AWS_PROXY",
            "uri": "arn:aws:apigateway:us-east-1:lambda:path/2015-03-31/functions/arn:aws:lambda:us-east-1:891377344574:function:agentRegistryLambda/invocations"
          },
          "sensitive_attributes": [],
          "private": "bnVsbA==",
          "dependencies": [
            "aws_api_gateway_method.api_methods",
            "aws_api_gateway_resource.approve_access",
            "aws_api_gateway_resource.register",
            "aws_api_gateway_resource.request_access",
            "aws_api_gateway_resource.token",
            "aws_api_gateway_resource.validate",
            "aws_api_gateway_rest_api.agent_api",
            "aws_dynamodb_table.access_control",
            "aws_dynamodb_table.agents",
            "aws_dynamodb_table.tokens",
            "aws_iam_role.lambda_exec",
            "aws_lambda_function.oauth2_registry"
          ]
        },
        {
          "index_key": "request_access",
          "schema_version": 0,
          "attributes": {
            "cache_key_parameters": [],
            "cache_namespace": "mq2ogk",
            "connection_id": "",
            "connection_type": "INTERNET",
            "content_handling": "",
            "credentials": "",
            "http_method": "POST",
            "id": "agi-0ayys8nze8-mq2ogk-POST",
            "integration_http_method": "POST",
            "passthrough_behavior": "WHEN_NO_MATCH",
            "request_parameters": {},
            "request_templates": {},
            "resource_id": "mq2ogk",
            "rest_api_id": "0ayys8nze8",
            "timeout_milliseconds": 29000,
            "tls_config": [],
            "type": "AWS_PROXY",
            "uri": "arn:aws:apigateway:us-east-1:lambda:path/2015-03-31/functions/arn:aws:lambda:us-east-1:891377344574:function:agentRegistryLambda/invocations"
          },
          "sensitive_attributes": [],
          "private": "bnVsbA==",
          "dependencies": [
            "aws_api_gateway_method.api_methods",
            "aws_api_gateway_resource.approve_access",
            "aws_api_gateway_resource.register",
            "aws_api_gateway_resource.request_access",
            "aws_api_gateway_resource.token",
            "aws_api_gateway_resource.validate",
            "aws_api_gateway_rest_api.agent_api",
            "aws_dynamodb_table.access_control",
            "aws_dynamodb_table.agents",
            "aws_dynamodb_table.tokens",
            "aws_iam_role.lambda_exec",
            "aws_lambda_function.oauth2_registry"
          ]
        },
        {
          "index_key": "token",
          "schema_version": 0,
          "attributes": {
            "cache_key_parameters": [],
            "cache_namespace": "kdw2x2",
            "connection_id": "",
            "connection_type": "INTERNET",
            "content_handling": "",
            "credentials": "",
            "http_method": "POST",
            "id": "agi-0ayys8nze8-kdw2x2-POST",
            "integration_http_method": "POST",
            "passthrough_behavior": "WHEN_NO_MATCH",
            "request_parameters": {},
            "request_templates": {},
            "resource_id": "kdw2x2",
            "rest_api_id": "0ayys8nze8",
            "timeout_milliseconds": 29000,
            "tls_config": [],
            "type": "AWS_PROXY",
            "uri": "arn:aws:apigateway:us-east-1:lambda:path/2015-03-31/functions/arn:aws:lambda:us-east-1:891377344574:function:agentRegistryLambda/invocations"
          },
          "sensitive_attributes": [],
          "private": "bnVsbA==",
          "dependencies": [
            "aws_api_gateway_method.api_methods",
            "aws_api_gateway_resource.approve_access",
            "aws_api_gateway_resource.register",
            "aws_api_gateway_resource.request_access",
            "aws_api_gateway_resource.token",
            "aws_api_gateway_resource.validate",
            "aws_api_gateway_rest_api.agent_api",
            "aws_dynamodb_table.access_control",
            "aws_dynamodb_table.agents",
            "aws_dynamodb_table.tokens",
            "aws_iam_role.lambda_exec",
            "aws_lambda_function.oauth2_registry"
          ]
        },
        {
          "index_key": "validate",
          "schema_version": 0,
          "attributes": {
            "cache_key_parameters": [],
            "cache_namespace": "dz5knh",
            "connection_id": "",
            "connection_type": "INTERNET",
            "content_handling": "",
            "credentials": "",
            "http_method": "GET",
            "id": "agi-0ayys8nze8-dz5knh-GET",
            "integration_http_method": "POST",
            "passthrough_behavior": "WHEN_NO_MATCH",
            "request_parameters": {},
            "request_templates": {},
            "resource_id": "dz5knh",
            "rest_api_id": "0ayys8nze8",
            "timeout_milliseconds": 29000,
            "tls_config": [],
            "type": "AWS_PROXY",
            "uri": "arn:aws:apigateway:us-east-1:lambda:path/2015-03-31/functions/arn:aws:lambda:us-east-1:891377344574:function:agentRegistryLambda/invocations"
          },
          "sensitive_attributes": [],
          "private": "bnVsbA==",
          "dependencies": [
            "aws_api_gateway_method.api_methods",
            "aws_api_gateway_resource.approve_access",
            "aws_api_gateway_resource.register",
            "aws_api_gateway_resource.request_access",
            "aws_api_gateway_resource.token",
            "aws_api_gateway_resource.validate",
            "aws_api_gateway_rest_api.agent_api",
            "aws_dynamodb_table.access_control",
            "aws_dynamodb_table.agents",
            "aws_dynamodb_table.tokens",
            "aws_iam_role.lambda_exec",
            "aws_lambda_function.oauth2_registry"
          ]
        }
      ]
    },
    {
      "mode": "managed",
      "type": "aws_api_gateway_integration",
      "name": "get_messages_integration",
      "provider": "provider[\"registry.terraform.io/hashicorp/aws\"]",
      "instances": [
        {
          "schema_version": 0,
          "attributes": {
            "cache_key_parameters": [],
            "cache_namespace": "cot9sr",
            "connection_id": "",
            "connection_type": "INTERNET",
            "content_handling": "",
            "credentials": "",
            "http_method": "GET",
            "id": "agi-0ayys8nze8-cot9sr-GET",
            "integration_http_method": "POST",
            "passthrough_behavior": "WHEN_NO_MATCH",
            "request_parameters": {},
            "request_templates": {},
            "resource_id": "cot9sr",
            "rest_api_id": "0ayys8nze8",
            "timeout_milliseconds": 29000,
            "tls_config": [],
            "type": "AWS_PROXY",
            "uri": "arn:aws:apigateway:us-east-1:lambda:path/2015-03-31/functions/arn:aws:lambda:us-east-1:891377344574:function:getMessagesLambda/invocations"
          },
          "sensitive_attributes": [],
          "private": "bnVsbA==",
          "dependencies": [
            "aws_api_gateway_method.get_messages",
            "aws_api_gateway_resource.messages",
            "aws_api_gateway_rest_api.agent_api",
            "aws_dynamodb_table.agent_messages",
            "aws_iam_role.lambda_exec",
            "aws_lambda_function.get_messages"
          ]
        }
      ]
    },
    {
      "mode": "managed",
      "type": "aws_api_gateway_integration",
      "name": "options_integration",
      "provider": "provider[\"registry.terraform.io/hashicorp/aws\"]",
      "instances": [
        {
          "index_key": "approve_access",
          "schema_version": 0,
          "attributes": {
            "cache_key_parameters": [],
            "cache_namespace": "gwafct",
            "connection_id": "",
            "connection_type": "INTERNET",
            "content_handling": "",
            "credentials": "",
            "http_method": "OPTIONS",
            "id": "agi-0ayys8nze8-gwafct-OPTIONS",
            "integration_http_method": "",
            "passthrough_behavior": "WHEN_NO_MATCH",
            "request_parameters": {},
            "request_templates": {
              "application/json": "{\"statusCode\": 200}"
            },
            "resource_id": "gwafct",
            "rest_api_id": "0ayys8nze8",
            "timeout_milliseconds": 29000,
            "tls_config": [],
            "type": "MOCK",
            "uri": ""
          },
          "sensitive_attributes": [],
          "private": "bnVsbA==",
          "dependencies": [
            "aws_api_gateway_method.options_method",
            "aws_api_gateway_resource.approve_access",
            "aws_api_gateway_resource.register",
            "aws_api_gateway_resource.request_access",
            "aws_api_gateway_resource.token",
            "aws_api_gateway_resource.validate",
            "aws_api_gateway_rest_api.agent_api"
          ]
        },
        {
          "index_key": "register",
          "schema_version": 0,
          "attributes": {
            "cache_key_parameters": [],
            "cache_namespace": "dfigmb",
            "connection_id": "",
            "connection_type": "INTERNET",
            "content_handling": "",
            "credentials": "",
            "http_method": "OPTIONS",
            "id": "agi-0ayys8nze8-dfigmb-OPTIONS",
            "integration_http_method": "",
            "passthrough_behavior": "WHEN_NO_MATCH",
            "request_parameters": {},
            "request_templates": {
              "application/json": "{\"statusCode\": 200}"
            },
            "resource_id": "dfigmb",
            "rest_api_id": "0ayys8nze8",
            "timeout_milliseconds": 29000,
            "tls_config": [],
            "type": "MOCK",
            "uri": ""
          },
          "sensitive_attributes": [],
          "private": "bnVsbA==",
          "dependencies": [
            "aws_api_gateway_method.options_method",
            "aws_api_gateway_resource.approve_access",
            "aws_api_gateway_resource.register",
            "aws_api_gateway_resource.request_access",
            "aws_api_gateway_resource.token",
            "aws_api_gateway_resource.validate",
            "aws_api_gateway_rest_api.agent_api"
          ]
        },
        {
          "index_key": "request_access",
          "schema_version": 0,
          "attributes": {
            "cache_key_parameters": [],
            "cache_namespace": "mq2ogk",
            "connection_id": "",
            "connection_type": "INTERNET",
            "content_handling": "",
            "credentials": "",
            "http_method": "OPTIONS",
            "id": "agi-0ayys8nze8-mq2ogk-OPTIONS",
            "integration_http_method": "",
            "passthrough_behavior": "WHEN_NO_MATCH",
            "request_parameters": {},
            "request_templates": {
              "application/json": "{\"statusCode\": 200}"
            },
            "resource_id": "mq2ogk",
            "rest_api_id": "0ayys8nze8",
            "timeout_milliseconds": 29000,
            "tls_config": [],
            "type": "MOCK",
            "uri": ""
          },
          "sensitive_attributes": [],
          "private": "bnVsbA==",
          "dependencies": [
            "aws_api_gateway_method.options_method",
            "aws_api_gateway_resource.approve_access",
            "aws_api_gateway_resource.register",
            "aws_api_gateway_resource.request_access",
            "aws_api_gateway_resource.token",
            "aws_api_gateway_resource.validate",
            "aws_api_gateway_rest_api.agent_api"
          ]
        },
        {
          "index_key": "token",
          "schema_version": 0,
          "attributes": {
            "cache_key_parameters": [],
            "cache_namespace": "kdw2x2",
            "connection_id": "",
            "connection_type": "INTERNET",
            "content_handling": "",
            "credentials": "",
            "http_method": "OPTIONS",
            "id": "agi-0ayys8nze8-kdw2x2-OPTIONS",
            "integration_http_method": "",
            "passthrough_behavior": "WHEN_NO_MATCH",
            "request_parameters": {},
            "request_templates": {
              "application/json": "{\"statusCode\": 200}"
            },
            "resource_id": "kdw2x2",
            "rest_api_id": "0ayys8nze8",
            "timeout_milliseconds": 29000,
            "tls_config": [],
            "type": "MOCK",
            "uri": ""
          },
          "sensitive_attributes": [],
          "private": "bnVsbA==",
          "dependencies": [
            "aws_api_gateway_method.options_method",
            "aws_api_gateway_resource.approve_access",
            "aws_api_gateway_resource.register",
            "aws_api_gateway_resource.request_access",
            "aws_api_gateway_resource.token",
            "aws_api_gateway_resource.validate",
            "aws_api_gateway_rest_api.agent_api"
          ]
        },
        {
          "index_key": "validate",
          "schema_version": 0,
          "attributes": {
            "cache_key_parameters": [],
            "cache_namespace": "dz5knh",
            "connection_id": "",
            "connection_type": "INTERNET",
            "content_handling": "",
            "credentials": "",
            "http_method": "OPTIONS",
            "id": "agi-0ayys8nze8-dz5knh-OPTIONS",
            "integration_http_method": "",
            "passthrough_behavior": "WHEN_NO_MATCH",
            "request_parameters": {},
            "request_templates": {
              "application/json": "{\"statusCode\": 200}"
            },
            "resource_id": "dz5knh",
            "rest_api_id": "0ayys8nze8",
            "timeout_milliseconds": 29000,
            "tls_config": [],
            "type": "MOCK",
            "uri": ""
          },
          "sensitive_attributes": [],
          "private": "bnVsbA==",
          "dependencies": [
            "aws_api_gateway_method.options_method",
            "aws_api_gateway_resource.approve_access",
            "aws_api_gateway_resource.register",
            "aws_api_gateway_resource.request_access",
            "aws_api_gateway_resource.token",
            "aws_api_gateway_resource.validate",
            "aws_api_gateway_rest_api.agent_api"
          ]
        }
      ]
    },
    {
      "mode": "managed",
      "type": "aws_api_gateway_integration",
      "name": "post_messages_integration",
      "provider": "provider[\"registry.terraform.io/hashicorp/aws\"]",
      "instances": [
        {
          "schema_version": 0,
          "attributes": {
            "cache_key_parameters": [],
            "cache_namespace": "cot9sr",
            "connection_id": "",
            "connection_type": "INTERNET",
            "content_handling": "",
            "credentials": "",
            "http_method": "POST",
            "id": "agi-0ayys8nze8-cot9sr-POST",
            "integration_http_method": "POST",
            "passthrough_behavior": "WHEN_NO_MATCH",
            "request_parameters": {},
            "request_templates": {},
            "resource_id": "cot9sr",
            "rest_api_id": "0ayys8nze8",
            "timeout_milliseconds": 29000,
            "tls_config": [],
            "type": "AWS_PROXY",
            "uri": "arn:aws:apigateway:us-east-1:lambda:path/2015-03-31/functions/arn:aws:lambda:us-east-1:891377344574:function:sendMessageLambda/invocations"
          },
          "sensitive_attributes": [],
          "private": "bnVsbA==",
          "dependencies": [
            "aws_api_gateway_authorizer.token_authorizer",
            "aws_api_gateway_method.post_messages",
            "aws_api_gateway_resource.messages",
            "aws_api_gateway_rest_api.agent_api",
            "aws_dynamodb_table.agent_messages",
            "aws_iam_role.lambda_exec",
            "aws_lambda_function.authorizer",
            "aws_lambda_function.send_message",
            "data.aws_region.current"
          ]
        }
      ]
    },
    {
      "mode": "managed",
      "type": "aws_api_gateway_integration",
      "name": "put_ack_message_integration",
      "provider": "provider[\"registry.terraform.io/hashicorp/aws\"]",
      "instances": [
        {
          "schema_version": 0,
          "attributes": {
            "cache_key_parameters": [],
            "cache_namespace": "7s545d",
            "connection_id": "",
            "connection_type": "INTERNET",
            "content_handling": "",
            "credentials": "",
            "http_method": "PUT",
            "id": "agi-0ayys8nze8-7s545d-PUT",
            "integration_http_method": "POST",
            "passthrough_behavior": "WHEN_NO_MATCH",
            "request_parameters": {},
            "request_templates": {},
            "resource_id": "7s545d",
            "rest_api_id": "0ayys8nze8",
            "timeout_milliseconds": 29000,
            "tls_config": [],
            "type": "AWS_PROXY",
            "uri": "arn:aws:apigateway:us-east-1:lambda:path/2015-03-31/functions/arn:aws:lambda:us-east-1:891377344574:function:ackMessageLambda/invocations"
          },
          "sensitive_attributes": [],
          "private": "bnVsbA==",
          "dependencies": [
            "aws_api_gateway_method.put_ack_message",
            "aws_api_gateway_resource.ack",
            "aws_api_gateway_resource.ack_message",
            "aws_api_gateway_resource.messages",
            "aws_api_gateway_rest_api.agent_api",
            "aws_dynamodb_table.agent_messages",
            "aws_iam_role.lambda_exec",
            "aws_lambda_function.ack_message"
          ]
        }
      ]
    },
    {
      "mode": "managed",
      "type": "aws_api_gateway_integration_response",
      "name": "options_integration_response",
      "provider": "provider[\"registry.terraform.io/hashicorp/aws\"]",
      "instances": [
        {
          "index_key": "approve_access",
          "schema_version": 0,
          "attributes": {
            "content_handling": "",
            "http_method": "OPTIONS",
            "id": "agir-0ayys8nze8-gwafct-OPTIONS-200",
            "resource_id": "gwafct",
            "response_parameters": {
              "method.response.header.Access-Control-Allow-Headers": "'Content-Type,X-Amz-Date,Authorization,X-Api-Key,X-Amz-Security-Token'",
              "method.response.header.Access-Control-Allow-Methods": "'DELETE,GET,HEAD,OPTIONS,PATCH,POST,PUT'",
              "method.response.header.Access-Control-Allow-Origin": "'*'"
            },
            "response_templates": {},
            "rest_api_id": "0ayys8nze8",
            "selection_pattern": "",
            "status_code": "200"
          },
          "sensitive_attributes": [],
          "private": "bnVsbA==",
          "dependencies": [
            "aws_api_gateway_method.options_method",
            "aws_api_gateway_method_response.options_response",
            "aws_api_gateway_resource.approve_access",
            "aws_api_gateway_resource.register",
            "aws_api_gateway_resource.request_access",
            "aws_api_gateway_resource.token",
            "aws_api_gateway_resource.validate",
            "aws_api_gateway_rest_api.agent_api"
          ]
        },
        {
          "index_key": "register",
          "schema_version": 0,
          "attributes": {
            "content_handling": "",
            "http_method": "OPTIONS",
            "id": "agir-0ayys8nze8-dfigmb-OPTIONS-200",
            "resource_id": "dfigmb",
            "response_parameters": {
              "method.response.header.Access-Control-Allow-Headers": "'Content-Type,X-Amz-Date,Authorization,X-Api-Key,X-Amz-Security-Token'",
              "method.response.header.Access-Control-Allow-Methods": "'DELETE,GET,HEAD,OPTIONS,PATCH,POST,PUT'",
              "method.response.header.Access-Control-Allow-Origin": "'*'"
            },
            "response_templates": {},
            "rest_api_id": "0ayys8nze8",
            "selection_pattern": "",
            "status_code": "200"
          },
          "sensitive_attributes": [],
          "private": "bnVsbA==",
          "dependencies": [
            "aws_api_gateway_method.options_method",
            "aws_api_gateway_method_response.options_response",
            "aws_api_gateway_resource.approve_access",
            "aws_api_gateway_resource.register",
            "aws_api_gateway_resource.request_access",
            "aws_api_gateway_resource.token",
            "aws_api_gateway_resource.validate",
            "aws_api_gateway_rest_api.agent_api"
          ]
        },
        {
          "index_key": "request_access",
          "schema_version": 0,
          "attributes": {
            "content_handling": "",
            "http_method": "OPTIONS",
            "id": "agir-0ayys8nze8-mq2ogk-OPTIONS-200",
            "resource_id": "mq2ogk",
            "response_parameters": {
              "method.response.header.Access-Control-Allow-Headers": "'Content-Type,X-Amz-Date,Authorization,X-Api-Key,X-Amz-Security-Token'",
              "method.response.header.Access-Control-Allow-Methods": "'DELETE,GET,HEAD,OPTIONS,PATCH,POST,PUT'",
              "method.response.header.Access-Control-Allow-Origin": "'*'"
            },
            "response_templates": {},
            "rest_api_id": "0ayys8nze8",
            "selection_pattern": "",
            "status_code": "200"
          },
          "sensitive_attributes": [],
          "private": "bnVsbA==",
          "dependencies": [
            "aws_api_gateway_method.options_method",
            "aws_api_gateway_method_response.options_response",
            "aws_api_gateway_resource.approve_access",
            "aws_api_gateway_resource.register",
            "aws_api_gateway_resource.request_access",
            "aws_api_gateway_resource.token",
            "aws_api_gateway_resource.validate",
            "aws_api_gateway_rest_api.agent_api"
          ]
        },
        {
          "index_key": "token",
          "schema_version": 0,
          "attributes": {
            "content_handling": "",
            "http_method": "OPTIONS",
            "id": "agir-0ayys8nze8-kdw2x2-OPTIONS-200",
            "resource_id": "kdw2x2",
            "response_parameters": {
              "method.response.header.Access-Control-Allow-Headers": "'Content-Type,X-Amz-Date,Authorization,X-Api-Key,X-Amz-Security-Token'",
              "method.response.header.Access-Control-Allow-Methods": "'DELETE,GET,HEAD,OPTIONS,PATCH,POST,PUT'",
              "method.response.header.Access-Control-Allow-Origin": "'*'"
            },
            "response_templates": {},
            "rest_api_id": "0ayys8nze8",
            "selection_pattern": "",
            "status_code": "200"
          },
          "sensitive_attributes": [],
          "private": "bnVsbA==",
          "dependencies": [
            "aws_api_gateway_method.options_method",
            "aws_api_gateway_method_response.options_response",
            "aws_api_gateway_resource.approve_access",
            "aws_api_gateway_resource.register",
            "aws_api_gateway_resource.request_access",
            "aws_api_gateway_resource.token",
            "aws_api_gateway_resource.validate",
            "aws_api_gateway_rest_api.agent_api"
          ]
        },
        {
          "index_key": "validate",
          "schema_version": 0,
          "attributes": {
            "content_handling": "",
            "http_method": "OPTIONS",
            "id": "agir-0ayys8nze8-dz5knh-OPTIONS-200",
            "resource_id": "dz5knh",
            "response_parameters": {
              "method.response.header.Access-Control-Allow-Headers": "'Content-Type,X-Amz-Date,Authorization,X-Api-Key,X-Amz-Security-Token'",
              "method.response.header.Access-Control-Allow-Methods": "'DELETE,GET,HEAD,OPTIONS,PATCH,POST,PUT'",
              "method.response.header.Access-Control-Allow-Origin": "'*'"
            },
            "response_templates": {},
            "rest_api_id": "0ayys8nze8",
            "selection_pattern": "",
            "status_code": "200"
          },
          "sensitive_attributes": [],
          "private": "bnVsbA==",
          "dependencies": [
            "aws_api_gateway_method.options_method",
            "aws_api_gateway_method_response.options_response",
            "aws_api_gateway_resource.approve_access",
            "aws_api_gateway_resource.register",
            "aws_api_gateway_resource.request_access",
            "aws_api_gateway_resource.token",
            "aws_api_gateway_resource.validate",
            "aws_api_gateway_rest_api.agent_api"
          ]
        }
      ]
    },
    {
      "mode": "managed",
      "type": "aws_api_gateway_method",
      "name": "api_methods",
      "provider": "provider[\"registry.terraform.io/hashicorp/aws\"]",
      "instances": [
        {
          "index_key": "approve_access",
          "schema_version": 0,
          "attributes": {
            "api_key_required": false,
            "authorization": "NONE",
            "authorization_scopes": [],
            "authorizer_id": "",
            "http_method": "POST",
            "id": "agm-0ayys8nze8-gwafct-POST",
            "operation_name": "",
            "request_models": {},
            "request_parameters": {},
            "request_validator_id": "",
            "resource_id": "gwafct",
            "rest_api_id": "0ayys8nze8"
          },
          "sensitive_attributes": [],
          "private": "bnVsbA==",
          "dependencies": [
            "aws_api_gateway_resource.approve_access",
            "aws_api_gateway_resource.register",
            "aws_api_gateway_resource.request_access",
            "aws_api_gateway_resource.token",
            "aws_api_gateway_resource.validate",
            "aws_api_gateway_rest_api.agent_api"
          ]
        },
        {
          "index_key": "register",
          "schema_version": 0,
          "attributes": {
            "api_key_required": false,
            "authorization": "NONE",
            "authorization_scopes": [],
            "authorizer_id": "",
            "http_method": "POST",
            "id": "agm-0ayys8nze8-dfigmb-POST",
            "operation_name": "",
            "request_models": {},
            "request_parameters": {},
            "request_validator_id": "",
            "resource_id": "dfigmb",
            "rest_api_id": "0ayys8nze8"
          },
          "sensitive_attributes": [],
          "private": "bnVsbA==",
          "dependencies": [
            "aws_api_gateway_resource.approve_access",
            "aws_api_gateway_resource.register",
            "aws_api_gateway_resource.request_access",
            "aws_api_gateway_resource.token",
            "aws_api_gateway_resource.validate",
            "aws_api_gateway_rest_api.agent_api"
          ]
        },
        {
          "index_key": "request_access",
          "schema_version": 0,
          "attributes": {
            "api_key_required": false,
            "authorization": "NONE",
            "authorization_scopes": [],
            "authorizer_id": "",
            "http_method": "POST",
            "id": "agm-0ayys8nze8-mq2ogk-POST",
            "operation_name": "",
            "request_models": {},
            "request_parameters": {},
            "request_validator_id": "",
            "resource_id": "mq2ogk",
            "rest_api_id": "0ayys8nze8"
          },
          "sensitive_attributes": [],
          "private": "bnVsbA==",
          "dependencies": [
            "aws_api_gateway_resource.approve_access",
            "aws_api_gateway_resource.register",
            "aws_api_gateway_resource.request_access",
            "aws_api_gateway_resource.token",
            "aws_api_gateway_resource.validate",
            "aws_api_gateway_rest_api.agent_api"
          ]
        },
        {
          "index_key": "token",
          "schema_version": 0,
          "attributes": {
            "api_key_required": false,
            "authorization": "NONE",
            "authorization_scopes": [],
            "authorizer_id": "",
            "http_method": "POST",
            "id": "agm-0ayys8nze8-kdw2x2-POST",
            "operation_name": "",
            "request_models": {},
            "request_parameters": {},
            "request_validator_id": "",
            "resource_id": "kdw2x2",
            "rest_api_id": "0ayys8nze8"
          },
          "sensitive_attributes": [],
          "private": "bnVsbA==",
          "dependencies": [
            "aws_api_gateway_resource.approve_access",
            "aws_api_gateway_resource.register",
            "aws_api_gateway_resource.request_access",
            "aws_api_gateway_resource.token",
            "aws_api_gateway_resource.validate",
            "aws_api_gateway_rest_api.agent_api"
          ]
        },
        {
          "index_key": "validate",
          "schema_version": 0,
          "attributes": {
            "api_key_required": false,
            "authorization": "NONE",
            "authorization_scopes": [],
            "authorizer_id": "",
            "http_method": "GET",
            "id": "agm-0ayys8nze8-dz5knh-GET",
            "operation_name": "",
            "request_models": {},
            "request_parameters": {},
            "request_validator_id": "",
            "resource_id": "dz5knh",
            "rest_api_id": "0ayys8nze8"
          },
          "sensitive_attributes": [],
          "private": "bnVsbA==",
          "dependencies": [
            "aws_api_gateway_resource.approve_access",
            "aws_api_gateway_resource.register",
            "aws_api_gateway_resource.request_access",
            "aws_api_gateway_resource.token",
            "aws_api_gateway_resource.validate",
            "aws_api_gateway_rest_api.agent_api"
          ]
        }
      ]
    },
    {
      "mode": "managed",
      "type": "aws_api_gateway_method",
      "name": "get_messages",
      "provider": "provider[\"registry.terraform.io/hashicorp/aws\"]",
      "instances": [
        {
          "schema_version": 0,
          "attributes": {
            "api_key_required": false,
            "authorization": "NONE",
            "authorization_scopes": [],
            "authorizer_id": "",
            "http_method": "GET",
            "id": "agm-0ayys8nze8-cot9sr-GET",
            "operation_name": "",
            "request_models": {},
            "request_parameters": {},
            "request_validator_id": "",
            "resource_id": "cot9sr",
            "rest_api_id": "0ayys8nze8"
          },
          "sensitive_attributes": [],
          "private": "bnVsbA==",
          "dependencies": [
            "aws_api_gateway_resource.messages",
            "aws_api_gateway_rest_api.agent_api"
          ]
        }
      ]
    },
    {
      "mode": "managed",
      "type": "aws_api_gateway_method",
      "name": "options_method",
      "provider": "provider[\"registry.terraform.io/hashicorp/aws\"]",
      "instances": [
        {
          "index_key": "approve_access",
          "schema_version": 0,
          "attributes": {
            "api_key_required": false,
            "authorization": "NONE",
            "authorization_scopes": [],
            "authorizer_id": "",
            "http_method": "OPTIONS",
            "id": "agm-0ayys8nze8-gwafct-OPTIONS",
            "operation_name": "",
            "request_models": {},
            "request_parameters": {},
            "request_validator_id": "",
            "resource_id": "gwafct",
            "rest_api_id": "0ayys8nze8"
          },
          "sensitive_attributes": [],
          "private": "bnVsbA==",
          "dependencies": [
            "aws_api_gateway_resource.approve_access",
            "aws_api_gateway_resource.register",
            "aws_api_gateway_resource.request_access",
            "aws_api_gateway_resource.token",
            "aws_api_gateway_resource.validate",
            "aws_api_gateway_rest_api.agent_api"
          ]
        },
        {
          "index_key": "register",
          "schema_version": 0,
          "attributes": {
            "api_key_required": false,
            "authorization": "NONE",
            "authorization_scopes": [],
            "authorizer_id": "",
            "http_method": "OPTIONS",
            "id": "agm-0ayys8nze8-dfigmb-OPTIONS",
            "operation_name": "",
            "request_models": {},
            "request_parameters": {},
            "request_validator_id": "",
            "resource_id": "dfigmb",
            "rest_api_id": "0ayys8nze8"
          },
          "sensitive_attributes": [],
          "private": "bnVsbA==",
          "dependencies": [
            "aws_api_gateway_resource.approve_access",
            "aws_api_gateway_resource.register",
            "aws_api_gateway_resource.request_access",
            "aws_api_gateway_resource.token",
            "aws_api_gateway_resource.validate",
            "aws_api_gateway_rest_api.agent_api"
          ]
        },
        {
          "index_key": "request_access",
          "schema_version": 0,
          "attributes": {
            "api_key_required": false,
            "authorization": "NONE",
            "authorization_scopes": [],
            "authorizer_id": "",
            "http_method": "OPTIONS",
            "id": "agm-0ayys8nze8-mq2ogk-OPTIONS",
            "operation_name": "",
            "request_models": {},
            "request_parameters": {},
            "request_validator_id": "",
            "resource_id": "mq2ogk",
            "rest_api_id": "0ayys8nze8"
          },
          "sensitive_attributes": [],
          "private": "bnVsbA==",
          "dependencies": [
            "aws_api_gateway_resource.approve_access",
            "aws_api_gateway_resource.register",
            "aws_api_gateway_resource.request_access",
            "aws_api_gateway_resource.token",
            "aws_api_gateway_resource.validate",
            "aws_api_gateway_rest_api.agent_api"
          ]
        },
        {
          "index_key": "token",
          "schema_version": 0,
          "attributes": {
            "api_key_required": false,
            "authorization": "NONE",
            "authorization_scopes": [],
            "authorizer_id": "",
            "http_method": "OPTIONS",
            "id": "agm-0ayys8nze8-kdw2x2-OPTIONS",
            "operation_name": "",
            "request_models": {},
            "request_parameters": {},
            "request_validator_id": "",
            "resource_id": "kdw2x2",
            "rest_api_id": "0ayys8nze8"
          },
          "sensitive_attributes": [],
          "private": "bnVsbA==",
          "dependencies": [
            "aws_api_gateway_resource.approve_access",
            "aws_api_gateway_resource.register",
            "aws_api_gateway_resource.request_access",
            "aws_api_gateway_resource.token",
            "aws_api_gateway_resource.validate",
            "aws_api_gateway_rest_api.agent_api"
          ]
        },
        {
          "index_key": "validate",
          "schema_version": 0,
          "attributes": {
            "api_key_required": false,
            "authorization": "NONE",
            "authorization_scopes": [],
            "authorizer_id": "",
            "http_method": "OPTIONS",
            "id": "agm-0ayys8nze8-dz5knh-OPTIONS",
            "operation_name": "",
            "request_models": {},
            "request_parameters": {},
            "request_validator_id": "",
            "resource_id": "dz5knh",
            "rest_api_id": "0ayys8nze8"
          },
          "sensitive_attributes": [],
          "private": "bnVsbA==",
          "dependencies": [
            "aws_api_gateway_resource.approve_access",
            "aws_api_gateway_resource.register",
            "aws_api_gateway_resource.request_access",
            "aws_api_gateway_resource.token",
            "aws_api_gateway_resource.validate",
            "aws_api_gateway_rest_api.agent_api"
          ]
        }
      ]
    },
    {
      "mode": "managed",
      "type": "aws_api_gateway_method",
      "name": "post_messages",
      "provider": "provider[\"registry.terraform.io/hashicorp/aws\"]",
      "instances": [
        {
          "schema_version": 0,
          "attributes": {
            "api_key_required": false,
            "authorization": "NONE",
            "authorization_scopes": [],
            "authorizer_id": "",
            "http_method": "POST",
            "id": "agm-0ayys8nze8-cot9sr-POST",
            "operation_name": "",
            "request_models": {},
            "request_parameters": {},
            "request_validator_id": "",
            "resource_id": "cot9sr",
            "rest_api_id": "0ayys8nze8"
          },
          "sensitive_attributes": [],
          "private": "bnVsbA==",
          "dependencies": [
            "aws_api_gateway_authorizer.token_authorizer",
            "aws_api_gateway_resource.messages",
            "aws_api_gateway_rest_api.agent_api",
            "aws_iam_role.lambda_exec",
            "aws_lambda_function.authorizer",
            "data.aws_region.current"
          ]
        }
      ]
    },
    {
      "mode": "managed",
      "type": "aws_api_gateway_method",
      "name": "put_ack_message",
      "provider": "provider[\"registry.terraform.io/hashicorp/aws\"]",
      "instances": [
        {
          "schema_version": 0,
          "attributes": {
            "api_key_required": false,
            "authorization": "NONE",
            "authorization_scopes": [],
            "authorizer_id": "",
            "http_method": "PUT",
            "id": "agm-0ayys8nze8-7s545d-PUT",
            "operation_name": "",
            "request_models": {},
            "request_parameters": {},
            "request_validator_id": "",
            "resource_id": "7s545d",
            "rest_api_id": "0ayys8nze8"
          },
          "sensitive_attributes": [],
          "private": "bnVsbA==",
          "dependencies": [
            "aws_api_gateway_resource.ack",
            "aws_api_gateway_resource.ack_message",
            "aws_api_gateway_resource.messages",
            "aws_api_gateway_rest_api.agent_api"
          ]
        }
      ]
    },
    {
      "mode": "managed",
      "type": "aws_api_gateway_method_response",
      "name": "cors_method_response",
      "provider": "provider[\"registry.terraform.io/hashicorp/aws\"]",
      "instances": [
        {
          "index_key": "approve_access",
          "schema_version": 0,
          "attributes": {
            "http_method": "POST",
            "id": "agmr-0ayys8nze8-gwafct-POST-200",
            "resource_id": "gwafct",
            "response_models": {},
            "response_parameters": {
              "method.response.header.Access-Control-Allow-Origin": true
            },
            "rest_api_id": "0ayys8nze8",
            "status_code": "200"
          },
          "sensitive_attributes": [],
          "private": "bnVsbA==",
          "dependencies": [
            "aws_api_gateway_method.api_methods",
            "aws_api_gateway_resource.approve_access",
            "aws_api_gateway_resource.register",
            "aws_api_gateway_resource.request_access",
            "aws_api_gateway_resource.token",
            "aws_api_gateway_resource.validate",
            "aws_api_gateway_rest_api.agent_api"
          ]
        },
        {
          "index_key": "register",
          "schema_version": 0,
          "attributes": {
            "http_method": "POST",
            "id": "agmr-0ayys8nze8-dfigmb-POST-200",
            "resource_id": "dfigmb",
            "response_models": {},
            "response_parameters": {
              "method.response.header.Access-Control-Allow-Origin": true
            },
            "rest_api_id": "0ayys8nze8",
            "status_code": "200"
          },
          "sensitive_attributes": [],
          "private": "bnVsbA==",
          "dependencies": [
            "aws_api_gateway_method.api_methods",
            "aws_api_gateway_resource.approve_access",
            "aws_api_gateway_resource.register",
            "aws_api_gateway_resource.request_access",
            "aws_api_gateway_resource.token",
            "aws_api_gateway_resource.validate",
            "aws_api_gateway_rest_api.agent_api"
          ]
        },
        {
          "index_key": "request_access",
          "schema_version": 0,
          "attributes": {
            "http_method": "POST",
            "id": "agmr-0ayys8nze8-mq2ogk-POST-200",
            "resource_id": "mq2ogk",
            "response_models": {},
            "response_parameters": {
              "method.response.header.Access-Control-Allow-Origin": true
            },
            "rest_api_id": "0ayys8nze8",
            "status_code": "200"
          },
          "sensitive_attributes": [],
          "private": "bnVsbA==",
          "dependencies": [
            "aws_api_gateway_method.api_methods",
            "aws_api_gateway_resource.approve_access",
            "aws_api_gateway_resource.register",
            "aws_api_gateway_resource.request_access",
            "aws_api_gateway_resource.token",
            "aws_api_gateway_resource.validate",
            "aws_api_gateway_rest_api.agent_api"
          ]
        },
        {
          "index_key": "token",
          "schema_version": 0,
          "attributes": {
            "http_method": "POST",
            "id": "agmr-0ayys8nze8-kdw2x2-POST-200",
            "resource_id": "kdw2x2",
            "response_models": {},
            "response_parameters": {
              "method.response.header.Access-Control-Allow-Origin": true
            },
            "rest_api_id": "0ayys8nze8",
            "status_code": "200"
          },
          "sensitive_attributes": [],
          "private": "bnVsbA==",
          "dependencies": [
            "aws_api_gateway_method.api_methods",
            "aws_api_gateway_resource.approve_access",
            "aws_api_gateway_resource.register",
            "aws_api_gateway_resource.request_access",
            "aws_api_gateway_resource.token",
            "aws_api_gateway_resource.validate",
            "aws_api_gateway_rest_api.agent_api"
          ]
        },
        {
          "index_key": "validate",
          "schema_version": 0,
          "attributes": {
            "http_method": "GET",
            "id": "agmr-0ayys8nze8-dz5knh-GET-200",
            "resource_id": "dz5knh",
            "response_models": {},
            "response_parameters": {
              "method.response.header.Access-Control-Allow-Origin": true
            },
            "rest_api_id": "0ayys8nze8",
            "status_code": "200"
          },
          "sensitive_attributes": [],
          "private": "bnVsbA==",
          "dependencies": [
            "aws_api_gateway_method.api_methods",
            "aws_api_gateway_resource.approve_access",
            "aws_api_gateway_resource.register",
            "aws_api_gateway_resource.request_access",
            "aws_api_gateway_resource.token",
            "aws_api_gateway_resource.validate",
            "aws_api_gateway_rest_api.agent_api"
          ]
        }
      ]
    },
    {
      "mode": "managed",
      "type": "aws_api_gateway_method_response",
      "name": "options_response",
      "provider": "provider[\"registry.terraform.io/hashicorp/aws\"]",
      "instances": [
        {
          "index_key": "approve_access",
          "schema_version": 0,
          "attributes": {
            "http_method": "OPTIONS",
            "id": "agmr-0ayys8nze8-gwafct-OPTIONS-200",
            "resource_id": "gwafct",
            "response_models": {
              "application/json": "Empty"
            },
            "response_parameters": {
              "method.response.header.Access-Control-Allow-Headers": true,
              "method.response.header.Access-Control-Allow-Methods": true,
              "method.response.header.Access-Control-Allow-Origin": true
            },
            "rest_api_id": "0ayys8nze8",
            "status_code": "200"
          },
          "sensitive_attributes": [],
          "private": "bnVsbA==",
          "dependencies": [
            "aws_api_gateway_method.options_method",
            "aws_api_gateway_resource.approve_access",
            "aws_api_gateway_resource.register",
            "aws_api_gateway_resource.request_access",
            "aws_api_gateway_resource.token",
            "aws_api_gateway_resource.validate",
            "aws_api_gateway_rest_api.agent_api"
          ]
        },
        {
          "index_key": "register",
          "schema_version": 0,
          "attributes": {
            "http_method": "OPTIONS",
            "id": "agmr-0ayys8nze8-dfigmb-OPTIONS-200",
            "resource_id": "dfigmb",
            "response_models": {
              "application/json": "Empty"
            },
            "response_parameters": {
              "method.response.header.Access-Control-Allow-Headers": true,
              "method.response.header.Access-Control-Allow-Methods": true,
              "method.response.header.Access-Control-Allow-Origin": true
            },
            "rest_api_id": "0ayys8nze8",
            "status_code": "200"
          },
          "sensitive_attributes": [],
          "private": "bnVsbA==",
          "dependencies": [
            "aws_api_gateway_method.options_method",
            "aws_api_gateway_resource.approve_access",
            "aws_api_gateway_resource.register",
            "aws_api_gateway_resource.request_access",
            "aws_api_gateway_resource.token",
            "aws_api_gateway_resource.validate",
            "aws_api_gateway_rest_api.agent_api"
          ]
        },
        {
          "index_key": "request_access",
          "schema_version": 0,
          "attributes": {
            "http_method": "OPTIONS",
            "id": "agmr-0ayys8nze8-mq2ogk-OPTIONS-200",
            "resource_id": "mq2ogk",
            "response_models": {
              "application/json": "Empty"
            },
            "response_parameters": {
              "method.response.header.Access-Control-Allow-Headers": true,
              "method.response.header.Access-Control-Allow-Methods": true,
              "method.response.header.Access-Control-Allow-Origin": true
            },
            "rest_api_id": "0ayys8nze8",
            "status_code": "200"
          },
          "sensitive_attributes": [],
          "private": "bnVsbA==",
          "dependencies": [
            "aws_api_gateway_method.options_method",
            "aws_api_gateway_resource.approve_access",
            "aws_api_gateway_resource.register",
            "aws_api_gateway_resource.request_access",
            "aws_api_gateway_resource.token",
            "aws_api_gateway_resource.validate",
            "aws_api_gateway_rest_api.agent_api"
          ]
        },
        {
          "index_key": "token",
          "schema_version": 0,
          "attributes": {
            "http_method": "OPTIONS",
            "id": "agmr-0ayys8nze8-kdw2x2-OPTIONS-200",
            "resource_id": "kdw2x2",
            "response_models": {
              "application/json": "Empty"
            },
            "response_parameters": {
              "method.response.header.Access-Control-Allow-Headers": true,
              "method.response.header.Access-Control-Allow-Methods": true,
              "method.response.header.Access-Control-Allow-Origin": true
            },
            "rest_api_id": "0ayys8nze8",
            "status_code": "200"
          },
          "sensitive_attributes": [],
          "private": "bnVsbA==",
          "dependencies": [
            "aws_api_gateway_method.options_method",
            "aws_api_gateway_resource.approve_access",
            "aws_api_gateway_resource.register",
            "aws_api_gateway_resource.request_access",
            "aws_api_gateway_resource.token",
            "aws_api_gateway_resource.validate",
            "aws_api_gateway_rest_api.agent_api"
          ]
        },
        {
          "index_key": "validate",
          "schema_version": 0,
          "attributes": {
            "http_method": "OPTIONS",
            "id": "agmr-0ayys8nze8-dz5knh-OPTIONS-200",
            "resource_id": "dz5knh",
            "response_models": {
              "application/json": "Empty"
            },
            "response_parameters": {
              "method.response.header.Access-Control-Allow-Headers": true,
              "method.response.header.Access-Control-Allow-Methods": true,
              "method.response.header.Access-Control-Allow-Origin": true
            },
            "rest_api_id": "0ayys8nze8",
            "status_code": "200"
          },
          "sensitive_attributes": [],
          "private": "bnVsbA==",
          "dependencies": [
            "aws_api_gateway_method.options_method",
            "aws_api_gateway_resource.approve_access",
            "aws_api_gateway_resource.register",
            "aws_api_gateway_resource.request_access",
            "aws_api_gateway_resource.token",
            "aws_api_gateway_resource.validate",
            "aws_api_gateway_rest_api.agent_api"
          ]
        }
      ]
    },
    {
      "mode": "managed",
      "type": "aws_api_gateway_resource",
      "name": "ack",
      "provider": "provider[\"registry.terraform.io/hashicorp/aws\"]",
      "instances": [
        {
          "schema_version": 0,
          "attributes": {
            "id": "9g2ffr",
            "parent_id": "cot9sr",
            "path": "/messages/ack",
            "path_part": "ack",
            "rest_api_id": "0ayys8nze8"
          },
          "sensitive_attributes": [],
          "private": "bnVsbA==",
          "dependencies": [
            "aws_api_gateway_resource.messages",
            "aws_api_gateway_rest_api.agent_api"
          ]
        }
      ]
    },
    {
      "mode": "managed",
      "type": "aws_api_gateway_resource",
      "name": "ack_message",
      "provider": "provider[\"registry.terraform.io/hashicorp/aws\"]",
      "instances": [
        {
          "schema_version": 0,
          "attributes": {
            "id": "7s545d",
            "parent_id": "9g2ffr",
            "path": "/messages/ack/{messageId}",
            "path_part": "{messageId}",
            "rest_api_id": "0ayys8nze8"
          },
          "sensitive_attributes": [],
          "private": "bnVsbA==",
          "dependencies": [
            "aws_api_gateway_resource.ack",
            "aws_api_gateway_resource.messages",
            "aws_api_gateway_rest_api.agent_api"
          ]
        }
      ]
    },
    {
      "mode": "managed",
      "type": "aws_api_gateway_resource",
      "name": "approve_access",
      "provider": "provider[\"registry.terraform.io/hashicorp/aws\"]",
      "instances": [
        {
          "schema_version": 0,
          "attributes": {
            "id": "gwafct",
            "parent_id": "n0gmrl45e7",
            "path": "/approve-access",
            "path_part": "approve-access",
            "rest_api_id": "0ayys8nze8"
          },
          "sensitive_attributes": [],
          "private": "bnVsbA==",
          "dependencies": [
            "aws_api_gateway_rest_api.agent_api"
          ]
        }
      ]
    },
    {
      "mode": "managed",
      "type": "aws_api_gateway_resource",
      "name": "messages",
      "provider": "provider[\"registry.terraform.io/hashicorp/aws\"]",
      "instances": [
        {
          "schema_version": 0,
          "attributes": {
            "id": "cot9sr",
            "parent_id": "n0gmrl45e7",
            "path": "/messages",
            "path_part": "messages",
            "rest_api_id": "0ayys8nze8"
          },
          "sensitive_attributes": [],
          "private": "bnVsbA==",
          "dependencies": [
            "aws_api_gateway_rest_api.agent_api"
          ]
        }
      ]
    },
    {
      "mode": "managed",
      "type": "aws_api_gateway_resource",
      "name": "register",
      "provider": "provider[\"registry.terraform.io/hashicorp/aws\"]",
      "instances": [
        {
          "schema_version": 0,
          "attributes": {
            "id": "dfigmb",
            "parent_id": "n0gmrl45e7",
            "path": "/register",
            "path_part": "register",
            "rest_api_id": "0ayys8nze8"
          },
          "sensitive_attributes": [],
          "private": "bnVsbA==",
          "dependencies": [
            "aws_api_gateway_rest_api.agent_api"
          ]
        }
      ]
    },
    {
      "mode": "managed",
      "type": "aws_api_gateway_resource",
      "name": "request_access",
      "provider": "provider[\"registry.terraform.io/hashicorp/aws\"]",
      "instances": [
        {
          "schema_version": 0,
          "attributes": {
            "id": "mq2ogk",
            "parent_id": "n0gmrl45e7",
            "path": "/request-access",
            "path_part": "request-access",
            "rest_api_id": "0ayys8nze8"
          },
          "sensitive_attributes": [],
          "private": "bnVsbA==",
          "dependencies": [
            "aws_api_gateway_rest_api.agent_api"
          ]
        }
      ]
    },
    {
      "mode": "managed",
      "type": "aws_api_gateway_resource",
      "name": "token",
      "provider": "provider[\"registry.terraform.io/hashicorp/aws\"]",
      "instances": [
        {
          "schema_version": 0,
          "attributes": {
            "id": "kdw2x2",
            "parent_id": "n0gmrl45e7",
            "path": "/token",
            "path_part": "token",
            "rest_api_id": "0ayys8nze8"
          },
          "sensitive_attributes": [],
          "private": "bnVsbA==",
          "dependencies": [
            "aws_api_gateway_rest_api.agent_api"
          ]
        }
      ]
    },
    {
      "mode": "managed",
      "type": "aws_api_gateway_resource",
      "name": "validate",
      "provider": "provider[\"registry.terraform.io/hashicorp/aws\"]",
      "instances": [
        {
          "schema_version": 0,
          "attributes": {
            "id": "dz5knh",
            "parent_id": "n0gmrl45e7",
            "path": "/validate",
            "path_part": "validate",
            "rest_api_id": "0ayys8nze8"
          },
          "sensitive_attributes": [],
          "private": "bnVsbA==",
          "dependencies": [
            "aws_api_gateway_rest_api.agent_api"
          ]
        }
      ]
    },
    {
      "mode": "managed",
      "type": "aws_api_gateway_rest_api",
      "name": "agent_api",
      "provider": "provider[\"registry.terraform.io/hashicorp/aws\"]",
      "instances": [
        {
          "schema_version": 0,
          "attributes": {
            "api_key_source": "HEADER",
            "arn": "arn:aws:apigateway:us-east-1::/restapis/0ayys8nze8",
            "binary_media_types": [],
            "body": null,
            "created_date": "2025-03-01T18:26:23Z",
            "description": "API for agent-to-agent communication",
            "disable_execute_api_endpoint": false,
            "endpoint_configuration": [
              {
                "types": [
                  "EDGE"
                ],
                "vpc_endpoint_ids": []
              }
            ],
            "execution_arn": "arn:aws:execute-api:us-east-1:891377344574:0ayys8nze8",
            "fail_on_warnings": null,
            "id": "0ayys8nze8",
            "minimum_compression_size": "",
            "name": "AgentCommunicationAPI",
            "parameters": null,
            "policy": "{\"Version\":\"2012-10-17\",\"Statement\":[{\"Effect\":\"Allow\",\"Principal\":\"*\",\"Action\":\"execute-api:Invoke\",\"Resource\":\"arn:aws:execute-api:us-east-1:891377344574:0ayys8nze8/*/*\"},{\"Effect\":\"Allow\",\"Principal\":{\"Service\":\"cloudfront.amazonaws.com\"},\"Action\":\"execute-api:Invoke\",\"Resource\":\"arn:aws:execute-api:us-east-1:891377344574:0ayys8nze8/*/*\",\"Condition\":{\"StringEquals\":{\"AWS:SourceArn\":\"arn:aws:cloudfront::891377344574:distribution/EELEV1LAIM1E1\"}}}]}",
            "put_rest_api_mode": null,
            "root_resource_id": "n0gmrl45e7",
            "tags": {},
            "tags_all": {}
          },
          "sensitive_attributes": [],
          "private": "bnVsbA=="
        }
      ]
    },
    {
      "mode": "managed",
      "type": "aws_api_gateway_rest_api",
      "name": "oauth2_api",
      "provider": "provider[\"registry.terraform.io/hashicorp/aws\"]",
      "instances": [
        {
          "schema_version": 0,
          "attributes": {
            "api_key_source": "HEADER",
            "arn": "arn:aws:apigateway:us-east-1::/restapis/cp9qshq5j3",
            "binary_media_types": [],
            "body": null,
            "created_date": "2025-03-12T04:53:54Z",
            "description": "OAuth2 API for agent registry and access control",
            "disable_execute_api_endpoint": false,
            "endpoint_configuration": [
              {
                "types": [
                  "EDGE"
                ],
                "vpc_endpoint_ids": []
              }
            ],
            "execution_arn": "arn:aws:execute-api:us-east-1:891377344574:cp9qshq5j3",
            "fail_on_warnings": null,
            "id": "cp9qshq5j3",
            "minimum_compression_size": "",
            "name": "Oauth2AgentRegistryAPI",
            "parameters": null,
            "policy": "",
            "put_rest_api_mode": null,
            "root_resource_id": "u1cvsrzh52",
            "tags": {},
            "tags_all": {}
          },
          "sensitive_attributes": [],
          "private": "bnVsbA=="
        }
      ]
    },
    {
      "mode": "managed",
      "type": "aws_api_gateway_rest_api_policy",
      "name": "agent_api_policy",
      "provider": "provider[\"registry.terraform.io/hashicorp/aws\"]",
      "instances": [
        {
          "schema_version": 0,
          "attributes": {
            "id": "0ayys8nze8",
            "policy": "{\"Version\":\"2012-10-17\",\"Statement\":[{\"Effect\":\"Allow\",\"Principal\":\"*\",\"Action\":\"execute-api:Invoke\",\"Resource\":\"arn:aws:execute-api:us-east-1:891377344574:0ayys8nze8/*/*\"},{\"Effect\":\"Allow\",\"Principal\":{\"Service\":\"cloudfront.amazonaws.com\"},\"Action\":\"execute-api:Invoke\",\"Resource\":\"arn:aws:execute-api:us-east-1:891377344574:0ayys8nze8/*/*\",\"Condition\":{\"StringEquals\":{\"AWS:SourceArn\":\"arn:aws:cloudfront::891377344574:distribution/EELEV1LAIM1E1\"}}}]}",
            "rest_api_id": "0ayys8nze8"
          },
          "sensitive_attributes": [],
          "private": "bnVsbA==",
          "dependencies": [
            "aws_api_gateway_authorizer.token_authorizer",
            "aws_api_gateway_deployment.agent_api_deployment",
            "aws_api_gateway_integration.api_integrations",
            "aws_api_gateway_integration.get_messages_integration",
            "aws_api_gateway_integration.post_messages_integration",
            "aws_api_gateway_integration.put_ack_message_integration",
            "aws_api_gateway_method.api_methods",
            "aws_api_gateway_method.get_messages",
            "aws_api_gateway_method.post_messages",
            "aws_api_gateway_method.put_ack_message",
            "aws_api_gateway_resource.ack",
            "aws_api_gateway_resource.ack_message",
            "aws_api_gateway_resource.approve_access",
            "aws_api_gateway_resource.messages",
            "aws_api_gateway_resource.register",
            "aws_api_gateway_resource.request_access",
            "aws_api_gateway_resource.token",
            "aws_api_gateway_resource.validate",
            "aws_api_gateway_rest_api.agent_api",
            "aws_cloudfront_distribution.website_distribution",
            "aws_cloudfront_origin_access_identity.oai",
            "aws_dynamodb_table.access_control",
            "aws_dynamodb_table.agent_messages",
            "aws_dynamodb_table.agents",
            "aws_dynamodb_table.tokens",
            "aws_iam_role.lambda_exec",
            "aws_lambda_function.ack_message",
            "aws_lambda_function.authorizer",
            "aws_lambda_function.get_messages",
            "aws_lambda_function.oauth2_registry",
            "aws_lambda_function.send_message",
            "aws_s3_bucket.website_bucket",
            "data.aws_caller_identity.current",
            "data.aws_region.current"
          ]
        }
      ]
    },
    {
      "mode": "managed",
      "type": "aws_cloudfront_distribution",
      "name": "website_distribution",
      "provider": "provider[\"registry.terraform.io/hashicorp/aws\"]",
      "instances": [
        {
          "schema_version": 1,
          "attributes": {
            "aliases": [],
            "arn": "arn:aws:cloudfront::891377344574:distribution/EELEV1LAIM1E1",
            "caller_reference": "terraform-20250312082938863800000002",
            "comment": null,
            "continuous_deployment_policy_id": "",
            "custom_error_response": [
              {
                "error_caching_min_ttl": 0,
                "error_code": 404,
                "response_code": 200,
                "response_page_path": "/index.html"
              }
            ],
            "default_cache_behavior": [
              {
                "allowed_methods": [
                  "GET",
                  "HEAD",
                  "OPTIONS"
                ],
                "cache_policy_id": "",
                "cached_methods": [
                  "GET",
                  "HEAD"
                ],
                "compress": false,
                "default_ttl": 3600,
                "field_level_encryption_id": "",
                "forwarded_values": [
                  {
                    "cookies": [
                      {
                        "forward": "none",
                        "whitelisted_names": []
                      }
                    ],
                    "headers": [],
                    "query_string": false,
                    "query_string_cache_keys": []
                  }
                ],
                "function_association": [],
                "grpc_config": [
                  {
                    "enabled": false
                  }
                ],
                "lambda_function_association": [],
                "max_ttl": 86400,
                "min_ttl": 0,
                "origin_request_policy_id": "",
                "realtime_log_config_arn": "",
                "response_headers_policy_id": "",
                "smooth_streaming": false,
                "target_origin_id": "S3-agent-registry-app-frontend",
                "trusted_key_groups": [],
                "trusted_signers": [],
                "viewer_protocol_policy": "redirect-to-https"
              }
            ],
            "default_root_object": "index.html",
            "domain_name": "dvuwd91m1ghd.cloudfront.net",
            "enabled": true,
            "etag": "EAGKZ9JVV9W2D",
            "hosted_zone_id": "Z2FDTNDATAQYW2",
            "http_version": "http2",
            "id": "EELEV1LAIM1E1",
            "in_progress_validation_batches": 0,
            "is_ipv6_enabled": true,
            "last_modified_time": "2025-03-12 16:23:49.868 +0000 UTC",
            "logging_config": [],
            "ordered_cache_behavior": [
              {
                "allowed_methods": [
                  "DELETE",
                  "GET",
                  "HEAD",
                  "OPTIONS",
                  "PATCH",
                  "POST",
                  "PUT"
                ],
                "cache_policy_id": "",
                "cached_methods": [
                  "GET",
                  "HEAD"
                ],
                "compress": false,
                "default_ttl": 0,
                "field_level_encryption_id": "",
                "forwarded_values": [
                  {
                    "cookies": [
                      {
                        "forward": "none",
                        "whitelisted_names": []
                      }
                    ],
                    "headers": [
                      "Authorization",
                      "Content-Type",
                      "Referer"
                    ],
                    "query_string": true,
                    "query_string_cache_keys": []
                  }
                ],
                "function_association": [],
                "grpc_config": [
                  {
                    "enabled": false
                  }
                ],
                "lambda_function_association": [],
                "max_ttl": 0,
                "min_ttl": 0,
                "origin_request_policy_id": "",
                "path_pattern": "/prod/*",
                "realtime_log_config_arn": "",
                "response_headers_policy_id": "",
                "smooth_streaming": false,
                "target_origin_id": "APIGateway",
                "trusted_key_groups": [],
                "trusted_signers": [],
                "viewer_protocol_policy": "https-only"
              }
            ],
            "origin": [
              {
                "connection_attempts": 3,
                "connection_timeout": 10,
                "custom_header": [],
                "custom_origin_config": [
                  {
                    "http_port": 80,
                    "https_port": 443,
                    "origin_keepalive_timeout": 5,
                    "origin_protocol_policy": "https-only",
                    "origin_read_timeout": 30,
                    "origin_ssl_protocols": [
                      "TLSv1.2"
                    ]
                  }
                ],
                "domain_name": "0ayys8nze8.execute-api.us-east-1.amazonaws.com",
                "origin_access_control_id": "",
                "origin_id": "APIGateway",
                "origin_path": "",
                "origin_shield": [],
                "s3_origin_config": [],
                "vpc_origin_config": []
              },
              {
                "connection_attempts": 3,
                "connection_timeout": 10,
                "custom_header": [],
                "custom_origin_config": [],
                "domain_name": "agent-registry-app-frontend.s3.us-east-1.amazonaws.com",
                "origin_access_control_id": "",
                "origin_id": "S3-agent-registry-app-frontend",
                "origin_path": "",
                "origin_shield": [],
                "s3_origin_config": [
                  {
                    "origin_access_identity": "origin-access-identity/cloudfront/E1OKUB97344OIG"
                  }
                ],
                "vpc_origin_config": []
              }
            ],
            "origin_group": [],
            "price_class": "PriceClass_100",
            "restrictions": [
              {
                "geo_restriction": [
                  {
                    "locations": [],
                    "restriction_type": "none"
                  }
                ]
              }
            ],
            "retain_on_delete": false,
            "staging": false,
            "status": "Deployed",
            "tags": {},
            "tags_all": {},
            "trusted_key_groups": [
              {
                "enabled": false,
                "items": []
              }
            ],
            "trusted_signers": [
              {
                "enabled": false,
                "items": []
              }
            ],
            "viewer_certificate": [
              {
                "acm_certificate_arn": "",
                "cloudfront_default_certificate": true,
                "iam_certificate_id": "",
                "minimum_protocol_version": "TLSv1",
                "ssl_support_method": ""
              }
            ],
            "wait_for_deployment": true,
            "web_acl_id": ""
          },
          "sensitive_attributes": [],
          "private": "eyJzY2hlbWFfdmVyc2lvbiI6IjEifQ==",
          "dependencies": [
            "aws_api_gateway_authorizer.token_authorizer",
            "aws_api_gateway_deployment.agent_api_deployment",
            "aws_api_gateway_integration.api_integrations",
            "aws_api_gateway_integration.get_messages_integration",
            "aws_api_gateway_integration.post_messages_integration",
            "aws_api_gateway_integration.put_ack_message_integration",
            "aws_api_gateway_method.api_methods",
            "aws_api_gateway_method.get_messages",
            "aws_api_gateway_method.post_messages",
            "aws_api_gateway_method.put_ack_message",
            "aws_api_gateway_resource.ack",
            "aws_api_gateway_resource.ack_message",
            "aws_api_gateway_resource.approve_access",
            "aws_api_gateway_resource.messages",
            "aws_api_gateway_resource.register",
            "aws_api_gateway_resource.request_access",
            "aws_api_gateway_resource.token",
            "aws_api_gateway_resource.validate",
            "aws_api_gateway_rest_api.agent_api",
            "aws_cloudfront_origin_access_identity.oai",
            "aws_dynamodb_table.access_control",
            "aws_dynamodb_table.agent_messages",
            "aws_dynamodb_table.agents",
            "aws_dynamodb_table.tokens",
            "aws_iam_role.lambda_exec",
            "aws_lambda_function.ack_message",
            "aws_lambda_function.authorizer",
            "aws_lambda_function.get_messages",
            "aws_lambda_function.oauth2_registry",
            "aws_lambda_function.send_message",
            "aws_s3_bucket.website_bucket",
            "data.aws_region.current"
          ]
        }
      ]
    },
    {
      "mode": "managed",
      "type": "aws_cloudfront_origin_access_identity",
      "name": "oai",
      "provider": "provider[\"registry.terraform.io/hashicorp/aws\"]",
      "instances": [
        {
          "schema_version": 0,
          "attributes": {
            "caller_reference": "terraform-20250312082936747200000001",
            "cloudfront_access_identity_path": "origin-access-identity/cloudfront/E1OKUB97344OIG",
            "comment": "OAI for Agent Registry app",
            "etag": "E3G0K15A791T3V",
            "iam_arn": "arn:aws:iam::cloudfront:user/CloudFront Origin Access Identity E1OKUB97344OIG",
            "id": "E1OKUB97344OIG",
            "s3_canonical_user_id": "33618c6c1a72612506549a8dea842c8661d26a1e46689506d69665fe81ec052ca1ae629efbfcd95c35037b8f2e0d1379"
          },
          "sensitive_attributes": [],
          "private": "bnVsbA=="
        }
      ]
    },
    {
      "mode": "managed",
      "type": "aws_cloudwatch_log_group",
      "name": "ack_message_lambda_log",
      "provider": "provider[\"registry.terraform.io/hashicorp/aws\"]",
      "instances": [
        {
          "schema_version": 0,
          "attributes": {
            "arn": "arn:aws:logs:us-east-1:891377344574:log-group:/aws/lambda/ackMessageLambda",
            "id": "/aws/lambda/ackMessageLambda",
            "kms_key_id": "",
            "log_group_class": "STANDARD",
            "name": "/aws/lambda/ackMessageLambda",
            "name_prefix": "",
            "retention_in_days": 14,
            "skip_destroy": false,
            "tags": {},
            "tags_all": {}
          },
          "sensitive_attributes": [],
          "private": "bnVsbA=="
        }
      ]
    },
    {
      "mode": "managed",
      "type": "aws_cloudwatch_log_group",
      "name": "get_messages_lambda_log",
      "provider": "provider[\"registry.terraform.io/hashicorp/aws\"]",
      "instances": [
        {
          "schema_version": 0,
          "attributes": {
            "arn": "arn:aws:logs:us-east-1:891377344574:log-group:/aws/lambda/getMessagesLambda",
            "id": "/aws/lambda/getMessagesLambda",
            "kms_key_id": "",
            "log_group_class": "STANDARD",
            "name": "/aws/lambda/getMessagesLambda",
            "name_prefix": "",
            "retention_in_days": 14,
            "skip_destroy": false,
            "tags": {},
            "tags_all": {}
          },
          "sensitive_attributes": [],
          "private": "bnVsbA=="
        }
      ]
    },
    {
      "mode": "managed",
      "type": "aws_cloudwatch_log_group",
      "name": "send_message_lambda_log",
      "provider": "provider[\"registry.terraform.io/hashicorp/aws\"]",
      "instances": [
        {
          "schema_version": 0,
          "attributes": {
            "arn": "arn:aws:logs:us-east-1:891377344574:log-group:/aws/lambda/sendMessageLambda",
            "id": "/aws/lambda/sendMessageLambda",
            "kms_key_id": "",
            "log_group_class": "STANDARD",
            "name": "/aws/lambda/sendMessageLambda",
            "name_prefix": "",
            "retention_in_days": 14,
            "skip_destroy": false,
            "tags": {},
            "tags_all": {}
          },
          "sensitive_attributes": [],
          "private": "bnVsbA=="
        }
      ]
    },
    {
      "mode": "managed",
      "type": "aws_dynamodb_table",
      "name": "access_control",
      "provider": "provider[\"registry.terraform.io/hashicorp/aws\"]",
      "instances": [
        {
          "schema_version": 1,
          "attributes": {
            "arn": "arn:aws:dynamodb:us-east-1:891377344574:table/AccessControl",
            "attribute": [
              {
                "name": "requesterId",
                "type": "S"
              },
              {
                "name": "targetAgentId",
                "type": "S"
              }
            ],
            "billing_mode": "PAY_PER_REQUEST",
            "deletion_protection_enabled": false,
            "global_secondary_index": [],
            "hash_key": "requesterId",
            "id": "AccessControl",
            "import_table": [],
            "local_secondary_index": [],
            "name": "AccessControl",
            "on_demand_throughput": [],
            "point_in_time_recovery": [
              {
                "enabled": false
              }
            ],
            "range_key": "targetAgentId",
            "read_capacity": 0,
            "replica": [],
            "restore_date_time": null,
            "restore_source_name": null,
            "restore_source_table_arn": null,
            "restore_to_latest_time": null,
            "server_side_encryption": [],
            "stream_arn": "",
            "stream_enabled": false,
            "stream_label": "",
            "stream_view_type": "",
            "table_class": "STANDARD",
            "tags": {},
            "tags_all": {},
            "timeouts": null,
            "ttl": [
              {
                "attribute_name": "",
                "enabled": false
              }
            ],
            "write_capacity": 0
          },
          "sensitive_attributes": [],
          "private": "eyJlMmJmYjczMC1lY2FhLTExZTYtOGY4OC0zNDM2M2JjN2M0YzAiOnsiY3JlYXRlIjoxODAwMDAwMDAwMDAwLCJkZWxldGUiOjYwMDAwMDAwMDAwMCwidXBkYXRlIjozNjAwMDAwMDAwMDAwfSwic2NoZW1hX3ZlcnNpb24iOiIxIn0="
        }
      ]
    },
    {
      "mode": "managed",
      "type": "aws_dynamodb_table",
      "name": "agent_messages",
      "provider": "provider[\"registry.terraform.io/hashicorp/aws\"]",
      "instances": [
        {
          "schema_version": 1,
          "attributes": {
            "arn": "arn:aws:dynamodb:us-east-1:891377344574:table/AgentMessages",
            "attribute": [
              {
                "name": "messageId",
                "type": "S"
              },
              {
                "name": "receiver",
                "type": "S"
              }
            ],
            "billing_mode": "PAY_PER_REQUEST",
            "deletion_protection_enabled": false,
            "global_secondary_index": [
              {
                "hash_key": "receiver",
                "name": "ReceiverIndex",
                "non_key_attributes": [],
                "on_demand_throughput": [],
                "projection_type": "ALL",
                "range_key": "",
                "read_capacity": 0,
                "write_capacity": 0
              }
            ],
            "hash_key": "messageId",
            "id": "AgentMessages",
            "import_table": [],
            "local_secondary_index": [],
            "name": "AgentMessages",
            "on_demand_throughput": [],
            "point_in_time_recovery": [
              {
                "enabled": false
              }
            ],
            "range_key": null,
            "read_capacity": 0,
            "replica": [],
            "restore_date_time": null,
            "restore_source_name": null,
            "restore_source_table_arn": null,
            "restore_to_latest_time": null,
            "server_side_encryption": [],
            "stream_arn": "",
            "stream_enabled": false,
            "stream_label": "",
            "stream_view_type": "",
            "table_class": "STANDARD",
            "tags": {},
            "tags_all": {},
            "timeouts": null,
            "ttl": [
              {
                "attribute_name": "",
                "enabled": false
              }
            ],
            "write_capacity": 0
          },
          "sensitive_attributes": [],
          "private": "eyJlMmJmYjczMC1lY2FhLTExZTYtOGY4OC0zNDM2M2JjN2M0YzAiOnsiY3JlYXRlIjoxODAwMDAwMDAwMDAwLCJkZWxldGUiOjYwMDAwMDAwMDAwMCwidXBkYXRlIjozNjAwMDAwMDAwMDAwfSwic2NoZW1hX3ZlcnNpb24iOiIxIn0="
        }
      ]
    },
    {
      "mode": "managed",
      "type": "aws_dynamodb_table",
      "name": "agents",
      "provider": "provider[\"registry.terraform.io/hashicorp/aws\"]",
      "instances": [
        {
          "schema_version": 1,
          "attributes": {
            "arn": "arn:aws:dynamodb:us-east-1:891377344574:table/Agents",
            "attribute": [
              {
                "name": "agentId",
                "type": "S"
              }
            ],
            "billing_mode": "PAY_PER_REQUEST",
            "deletion_protection_enabled": false,
            "global_secondary_index": [],
            "hash_key": "agentId",
            "id": "Agents",
            "import_table": [],
            "local_secondary_index": [],
            "name": "Agents",
            "on_demand_throughput": [],
            "point_in_time_recovery": [
              {
                "enabled": false
              }
            ],
            "range_key": null,
            "read_capacity": 0,
            "replica": [],
            "restore_date_time": null,
            "restore_source_name": null,
            "restore_source_table_arn": null,
            "restore_to_latest_time": null,
            "server_side_encryption": [],
            "stream_arn": "",
            "stream_enabled": false,
            "stream_label": "",
            "stream_view_type": "",
            "table_class": "STANDARD",
            "tags": {},
            "tags_all": {},
            "timeouts": null,
            "ttl": [
              {
                "attribute_name": "",
                "enabled": false
              }
            ],
            "write_capacity": 0
          },
          "sensitive_attributes": [],
          "private": "eyJlMmJmYjczMC1lY2FhLTExZTYtOGY4OC0zNDM2M2JjN2M0YzAiOnsiY3JlYXRlIjoxODAwMDAwMDAwMDAwLCJkZWxldGUiOjYwMDAwMDAwMDAwMCwidXBkYXRlIjozNjAwMDAwMDAwMDAwfSwic2NoZW1hX3ZlcnNpb24iOiIxIn0="
        }
      ]
    },
    {
      "mode": "managed",
      "type": "aws_dynamodb_table",
      "name": "auth_logs",
      "provider": "provider[\"registry.terraform.io/hashicorp/aws\"]",
      "instances": [
        {
          "schema_version": 1,
          "attributes": {
            "arn": "arn:aws:dynamodb:us-east-1:891377344574:table/AuthLogsTable",
            "attribute": [
              {
                "name": "requestId",
                "type": "S"
              },
              {
                "name": "timestamp",
                "type": "S"
              }
            ],
            "billing_mode": "PAY_PER_REQUEST",
            "deletion_protection_enabled": false,
            "global_secondary_index": [
              {
                "hash_key": "timestamp",
                "name": "TimestampIndex",
                "non_key_attributes": [],
                "on_demand_throughput": [],
                "projection_type": "ALL",
                "range_key": "",
                "read_capacity": 0,
                "write_capacity": 0
              }
            ],
            "hash_key": "requestId",
            "id": "AuthLogsTable",
            "import_table": [],
            "local_secondary_index": [],
            "name": "AuthLogsTable",
            "on_demand_throughput": [],
            "point_in_time_recovery": [
              {
                "enabled": false
              }
            ],
            "range_key": null,
            "read_capacity": 0,
            "replica": [],
            "restore_date_time": null,
            "restore_source_name": null,
            "restore_source_table_arn": null,
            "restore_to_latest_time": null,
            "server_side_encryption": [],
            "stream_arn": "",
            "stream_enabled": false,
            "stream_label": "",
            "stream_view_type": "",
            "table_class": "STANDARD",
            "tags": {
              "Environment": "Production",
              "Name": "AuthLogsTable"
            },
            "tags_all": {
              "Environment": "Production",
              "Name": "AuthLogsTable"
            },
            "timeouts": null,
            "ttl": [
              {
                "attribute_name": "",
                "enabled": false
              }
            ],
            "write_capacity": 0
          },
          "sensitive_attributes": [],
          "private": "eyJlMmJmYjczMC1lY2FhLTExZTYtOGY4OC0zNDM2M2JjN2M0YzAiOnsiY3JlYXRlIjoxODAwMDAwMDAwMDAwLCJkZWxldGUiOjYwMDAwMDAwMDAwMCwidXBkYXRlIjozNjAwMDAwMDAwMDAwfSwic2NoZW1hX3ZlcnNpb24iOiIxIn0="
        }
      ]
    },
    {
      "mode": "managed",
      "type": "aws_dynamodb_table",
      "name": "tokens",
      "provider": "provider[\"registry.terraform.io/hashicorp/aws\"]",
      "instances": [
        {
          "schema_version": 1,
          "attributes": {
            "arn": "arn:aws:dynamodb:us-east-1:891377344574:table/Tokens",
            "attribute": [
              {
                "name": "accessToken",
                "type": "S"
              }
            ],
            "billing_mode": "PAY_PER_REQUEST",
            "deletion_protection_enabled": false,
            "global_secondary_index": [],
            "hash_key": "accessToken",
            "id": "Tokens",
            "import_table": [],
            "local_secondary_index": [],
            "name": "Tokens",
            "on_demand_throughput": [],
            "point_in_time_recovery": [
              {
                "enabled": false
              }
            ],
            "range_key": null,
            "read_capacity": 0,
            "replica": [],
            "restore_date_time": null,
            "restore_source_name": null,
            "restore_source_table_arn": null,
            "restore_to_latest_time": null,
            "server_side_encryption": [],
            "stream_arn": "",
            "stream_enabled": false,
            "stream_label": "",
            "stream_view_type": "",
            "table_class": "STANDARD",
            "tags": {},
            "tags_all": {},
            "timeouts": null,
            "ttl": [
              {
                "attribute_name": "",
                "enabled": false
              }
            ],
            "write_capacity": 0
          },
          "sensitive_attributes": [],
          "private": "eyJlMmJmYjczMC1lY2FhLTExZTYtOGY4OC0zNDM2M2JjN2M0YzAiOnsiY3JlYXRlIjoxODAwMDAwMDAwMDAwLCJkZWxldGUiOjYwMDAwMDAwMDAwMCwidXBkYXRlIjozNjAwMDAwMDAwMDAwfSwic2NoZW1hX3ZlcnNpb24iOiIxIn0="
        }
      ]
    },
    {
      "mode": "managed",
      "type": "aws_iam_policy",
      "name": "lambda_secrets_manager_policy",
      "provider": "provider[\"registry.terraform.io/hashicorp/aws\"]",
      "instances": [
        {
          "schema_version": 0,
          "attributes": {
            "arn": "arn:aws:iam::891377344574:policy/LambdaSecretsManagerPolicy",
            "attachment_count": 0,
            "description": "Allows Lambda to manage secrets in Secrets Manager",
            "id": "arn:aws:iam::891377344574:policy/LambdaSecretsManagerPolicy",
            "name": "LambdaSecretsManagerPolicy",
            "name_prefix": "",
            "path": "/",
            "policy": "{\"Statement\":[{\"Action\":[\"secretsmanager:CreateSecret\",\"secretsmanager:PutSecretValue\",\"secretsmanager:GetSecretValue\",\"secretsmanager:UpdateSecret\",\"secretsmanager:DescribeSecret\"],\"Effect\":\"Allow\",\"Resource\":\"arn:aws:secretsmanager:us-east-1:891377344574:secret:*\"}],\"Version\":\"2012-10-17\"}",
            "policy_id": "ANPA47CR24A7HEPJYKQGS",
            "tags": null,
            "tags_all": {}
          },
          "sensitive_attributes": [],
          "private": "bnVsbA=="
        }
      ]
    },
    {
      "mode": "managed",
      "type": "aws_iam_role",
      "name": "lambda_exec",
      "provider": "provider[\"registry.terraform.io/hashicorp/aws\"]",
      "instances": [
        {
          "schema_version": 0,
          "attributes": {
            "arn": "arn:aws:iam::891377344574:role/lambda_exec_role",
            "assume_role_policy": "{\"Statement\":[{\"Action\":\"sts:AssumeRole\",\"Effect\":\"Allow\",\"Principal\":{\"Service\":\"lambda.amazonaws.com\"}}],\"Version\":\"2012-10-17\"}",
            "create_date": "2025-03-01T18:25:41Z",
            "description": "",
            "force_detach_policies": false,
            "id": "lambda_exec_role",
            "inline_policy": [
              {
                "name": "SecretsManagerAccess",
                "policy": "{\"Version\":\"2012-10-17\",\"Statement\":[{\"Action\":\"secretsmanager:GetSecretValue\",\"Effect\":\"Allow\",\"Resource\":\"arn:aws:secretsmanager:us-east-1:891377344574:secret:SalesforceCredentials-*\"}]}"
              },
              {
                "name": "lambda_policy",
                "policy": "{\"Version\":\"2012-10-17\",\"Statement\":[{\"Action\":[\"dynamodb:PutItem\",\"dynamodb:GetItem\",\"dynamodb:Query\",\"dynamodb:UpdateItem\",\"dynamodb:DeleteItem\"],\"Effect\":\"Allow\",\"Resource\":[\"arn:aws:dynamodb:us-east-1:891377344574:table/Agents\",\"arn:aws:dynamodb:us-east-1:891377344574:table/AccessControl\",\"arn:aws:dynamodb:us-east-1:891377344574:table/Tokens\",\"arn:aws:dynamodb:us-east-1:891377344574:table/AgentMessages\",\"arn:aws:dynamodb:us-east-1:891377344574:table/AgentMessages/index/ReceiverIndex\"]},{\"Action\":[\"logs:CreateLogGroup\",\"logs:CreateLogStream\",\"logs:PutLogEvents\"],\"Effect\":\"Allow\",\"Resource\":\"arn:aws:logs:*:*:*\"}]}"
              }
            ],
            "managed_policy_arns": [
              "arn:aws:iam::891377344574:policy/LambdaSecretsManagerPolicy"
            ],
            "max_session_duration": 3600,
            "name": "lambda_exec_role",
            "name_prefix": "",
            "path": "/",
            "permissions_boundary": "",
            "tags": {},
            "tags_all": {},
            "unique_id": "AROA47CR24A7LDZXRGFWK"
          },
          "sensitive_attributes": [],
          "private": "bnVsbA=="
        }
      ]
    },
    {
      "mode": "managed",
      "type": "aws_iam_role_policy",
      "name": "lambda_policy",
      "provider": "provider[\"registry.terraform.io/hashicorp/aws\"]",
      "instances": [
        {
          "schema_version": 0,
          "attributes": {
            "id": "lambda_exec_role:lambda_policy",
            "name": "lambda_policy",
            "name_prefix": "",
            "policy": "{\"Version\":\"2012-10-17\",\"Statement\":[{\"Action\":[\"dynamodb:PutItem\",\"dynamodb:GetItem\",\"dynamodb:Query\",\"dynamodb:UpdateItem\",\"dynamodb:DeleteItem\"],\"Effect\":\"Allow\",\"Resource\":[\"arn:aws:dynamodb:us-east-1:891377344574:table/Agents\",\"arn:aws:dynamodb:us-east-1:891377344574:table/AccessControl\",\"arn:aws:dynamodb:us-east-1:891377344574:table/Tokens\",\"arn:aws:dynamodb:us-east-1:891377344574:table/AgentMessages\",\"arn:aws:dynamodb:us-east-1:891377344574:table/AgentMessages/index/ReceiverIndex\"]},{\"Action\":[\"logs:CreateLogGroup\",\"logs:CreateLogStream\",\"logs:PutLogEvents\"],\"Effect\":\"Allow\",\"Resource\":\"arn:aws:logs:*:*:*\"}]}",
            "role": "lambda_exec_role"
          },
          "sensitive_attributes": [],
          "private": "bnVsbA==",
          "dependencies": [
            "aws_dynamodb_table.access_control",
            "aws_dynamodb_table.agent_messages",
            "aws_dynamodb_table.agents",
            "aws_dynamodb_table.tokens",
            "aws_iam_role.lambda_exec"
          ]
        }
      ]
    },
    {
      "mode": "managed",
      "type": "aws_iam_role_policy",
      "name": "lambda_secrets_manager_access",
      "provider": "provider[\"registry.terraform.io/hashicorp/aws\"]",
      "instances": [
        {
          "schema_version": 0,
          "attributes": {
            "id": "lambda_exec_role:SecretsManagerAccess",
            "name": "SecretsManagerAccess",
            "name_prefix": "",
            "policy": "{\"Version\":\"2012-10-17\",\"Statement\":[{\"Action\":\"secretsmanager:GetSecretValue\",\"Effect\":\"Allow\",\"Resource\":\"arn:aws:secretsmanager:us-east-1:891377344574:secret:SalesforceCredentials-*\"}]}",
            "role": "lambda_exec_role"
          },
          "sensitive_attributes": [],
          "private": "bnVsbA==",
          "dependencies": [
            "data.aws_iam_policy_document.secrets_manager_access"
          ]
        }
      ]
    },
    {
      "mode": "managed",
      "type": "aws_iam_role_policy_attachment",
      "name": "lambda_attach",
      "provider": "provider[\"registry.terraform.io/hashicorp/aws\"]",
      "instances": [
        {
          "schema_version": 0,
          "attributes": {
            "id": "lambda_exec_role-20250314031128780000000001",
            "policy_arn": "arn:aws:iam::891377344574:policy/LambdaSecretsManagerPolicy",
            "role": "lambda_exec_role"
          },
          "sensitive_attributes": [],
          "private": "bnVsbA==",
          "dependencies": [
            "aws_iam_policy.lambda_secrets_manager_policy",
            "aws_iam_role.lambda_exec"
          ]
        }
      ]
    },
    {
      "mode": "managed",
      "type": "aws_iam_user_policy",
      "name": "api_gateway_access",
      "provider": "provider[\"registry.terraform.io/hashicorp/aws\"]",
      "instances": [
        {
          "schema_version": 0,
          "attributes": {
            "id": "multi-agent-user:APIGatewayAccess",
            "name": "APIGatewayAccess",
            "name_prefix": "",
            "policy": "{\"Version\":\"2012-10-17\",\"Statement\":[{\"Action\":[\"apigateway:GET\",\"apigateway:PUT\",\"apigateway:POST\",\"apigateway:DELETE\",\"apigateway:PATCH\"],\"Effect\":\"Allow\",\"Resource\":[\"arn:aws:apigateway:us-east-1::/restapis/0ayys8nze8\",\"arn:aws:apigateway:us-east-1::/restapis/0ayys8nze8/*\",\"arn:aws:apigateway:us-east-1::/restapis/0ayys8nze8/*\"]}]}",
            "user": "multi-agent-user"
          },
          "sensitive_attributes": [],
          "private": "bnVsbA==",
          "dependencies": [
            "aws_api_gateway_rest_api.agent_api"
          ]
        }
      ]
    },
    {
      "mode": "managed",
      "type": "aws_iam_user_policy",
      "name": "s3_policy",
      "provider": "provider[\"registry.terraform.io/hashicorp/aws\"]",
      "instances": [
        {
          "schema_version": 0,
          "attributes": {
            "id": "multi-agent-user:s3-put-bucket-policy",
            "name": "s3-put-bucket-policy",
            "name_prefix": "",
            "policy": "{\"Version\":\"2012-10-17\",\"Statement\":[{\"Action\":[\"s3:PutBucketPolicy\",\"s3:GetBucketPolicy\"],\"Effect\":\"Allow\",\"Resource\":\"arn:aws:s3:::agent-registry-app-frontend\"}]}",
            "user": "multi-agent-user"
          },
          "sensitive_attributes": [],
          "private": "bnVsbA=="
        }
      ]
    },
    {
      "mode": "managed",
      "type": "aws_lambda_function",
      "name": "ack_message",
      "provider": "provider[\"registry.terraform.io/hashicorp/aws\"]",
      "instances": [
        {
          "schema_version": 0,
          "attributes": {
            "architectures": [
              "x86_64"
            ],
            "arn": "arn:aws:lambda:us-east-1:891377344574:function:ackMessageLambda",
            "code_sha256": "fHOT7TaNfJ975ulQIU9tQe0KT4iGd+94mDLP6Z+YaM8=",
            "code_signing_config_arn": "",
            "dead_letter_config": [],
            "description": "",
            "environment": [
              {
                "variables": {
                  "TABLE_NAME": "AgentMessages"
                }
              }
            ],
            "ephemeral_storage": [
              {
                "size": 512
              }
            ],
            "file_system_config": [],
            "filename": "./ackMessageLambda.zip",
            "function_name": "ackMessageLambda",
            "handler": "index.handler",
            "id": "ackMessageLambda",
            "image_config": [],
            "image_uri": "",
            "invoke_arn": "arn:aws:apigateway:us-east-1:lambda:path/2015-03-31/functions/arn:aws:lambda:us-east-1:891377344574:function:ackMessageLambda/invocations",
            "kms_key_arn": "",
            "last_modified": "2025-03-14T03:08:09.000+0000",
            "layers": [],
            "logging_config": [
              {
                "application_log_level": "",
                "log_format": "Text",
                "log_group": "/aws/lambda/ackMessageLambda",
                "system_log_level": ""
              }
            ],
            "memory_size": 128,
            "package_type": "Zip",
            "publish": false,
            "qualified_arn": "arn:aws:lambda:us-east-1:891377344574:function:ackMessageLambda:$LATEST",
            "qualified_invoke_arn": "arn:aws:apigateway:us-east-1:lambda:path/2015-03-31/functions/arn:aws:lambda:us-east-1:891377344574:function:ackMessageLambda:$LATEST/invocations",
            "replace_security_groups_on_destroy": null,
            "replacement_security_group_ids": null,
            "reserved_concurrent_executions": -1,
            "role": "arn:aws:iam::891377344574:role/lambda_exec_role",
            "runtime": "nodejs18.x",
            "s3_bucket": null,
            "s3_key": null,
            "s3_object_version": null,
            "signing_job_arn": "",
            "signing_profile_version_arn": "",
            "skip_destroy": false,
            "snap_start": [],
            "source_code_hash": "fHOT7TaNfJ975ulQIU9tQe0KT4iGd+94mDLP6Z+YaM8=",
            "source_code_size": 161259,
            "tags": {},
            "tags_all": {},
            "timeout": 3,
            "timeouts": null,
            "tracing_config": [
              {
                "mode": "PassThrough"
              }
            ],
            "version": "$LATEST",
            "vpc_config": []
          },
          "sensitive_attributes": [],
          "private": "eyJlMmJmYjczMC1lY2FhLTExZTYtOGY4OC0zNDM2M2JjN2M0YzAiOnsiY3JlYXRlIjo2MDAwMDAwMDAwMDAsImRlbGV0ZSI6NjAwMDAwMDAwMDAwLCJ1cGRhdGUiOjYwMDAwMDAwMDAwMH19",
          "dependencies": [
            "aws_dynamodb_table.agent_messages",
            "aws_iam_role.lambda_exec"
          ]
        }
      ]
    },
    {
      "mode": "managed",
      "type": "aws_lambda_function",
      "name": "authorizer",
      "provider": "provider[\"registry.terraform.io/hashicorp/aws\"]",
      "instances": [
        {
          "schema_version": 0,
          "attributes": {
            "architectures": [
              "x86_64"
            ],
            "arn": "arn:aws:lambda:us-east-1:891377344574:function:authroizerLambda",
            "code_sha256": "2Jpf7HxaPiKvby2Tpsj9yzIzoRoJ7HjWpxvgu9nmVz4=",
            "code_signing_config_arn": "",
            "dead_letter_config": [],
            "description": "",
            "environment": [],
            "ephemeral_storage": [
              {
                "size": 512
              }
            ],
            "file_system_config": [],
            "filename": "./authroizerLambda.zip",
            "function_name": "authroizerLambda",
            "handler": "index.handler",
            "id": "authroizerLambda",
            "image_config": [],
            "image_uri": "",
            "invoke_arn": "arn:aws:apigateway:us-east-1:lambda:path/2015-03-31/functions/arn:aws:lambda:us-east-1:891377344574:function:authroizerLambda/invocations",
            "kms_key_arn": "",
            "last_modified": "2025-03-14T03:08:20.000+0000",
            "layers": [],
            "logging_config": [
              {
                "application_log_level": "",
                "log_format": "Text",
                "log_group": "/aws/lambda/authroizerLambda",
                "system_log_level": ""
              }
            ],
            "memory_size": 128,
            "package_type": "Zip",
            "publish": false,
            "qualified_arn": "arn:aws:lambda:us-east-1:891377344574:function:authroizerLambda:$LATEST",
            "qualified_invoke_arn": "arn:aws:apigateway:us-east-1:lambda:path/2015-03-31/functions/arn:aws:lambda:us-east-1:891377344574:function:authroizerLambda:$LATEST/invocations",
            "replace_security_groups_on_destroy": null,
            "replacement_security_group_ids": null,
            "reserved_concurrent_executions": -1,
            "role": "arn:aws:iam::891377344574:role/lambda_exec_role",
            "runtime": "nodejs18.x",
            "s3_bucket": null,
            "s3_key": null,
            "s3_object_version": null,
            "signing_job_arn": "",
            "signing_profile_version_arn": "",
            "skip_destroy": false,
            "snap_start": [],
            "source_code_hash": "2Jpf7HxaPiKvby2Tpsj9yzIzoRoJ7HjWpxvgu9nmVz4=",
            "source_code_size": 1928340,
            "tags": {},
            "tags_all": {},
            "timeout": 3,
            "timeouts": null,
            "tracing_config": [
              {
                "mode": "PassThrough"
              }
            ],
            "version": "$LATEST",
            "vpc_config": []
          },
          "sensitive_attributes": [],
          "private": "eyJlMmJmYjczMC1lY2FhLTExZTYtOGY4OC0zNDM2M2JjN2M0YzAiOnsiY3JlYXRlIjo2MDAwMDAwMDAwMDAsImRlbGV0ZSI6NjAwMDAwMDAwMDAwLCJ1cGRhdGUiOjYwMDAwMDAwMDAwMH19",
          "dependencies": [
            "aws_iam_role.lambda_exec"
          ]
        }
      ]
    },
    {
      "mode": "managed",
      "type": "aws_lambda_function",
      "name": "get_messages",
      "provider": "provider[\"registry.terraform.io/hashicorp/aws\"]",
      "instances": [
        {
          "schema_version": 0,
          "attributes": {
            "architectures": [
              "x86_64"
            ],
            "arn": "arn:aws:lambda:us-east-1:891377344574:function:getMessagesLambda",
            "code_sha256": "efgq9ic1fIFqjkAV0/6PCrr1eyQZuvwiAdn79I3mOog=",
            "code_signing_config_arn": "",
            "dead_letter_config": [],
            "description": "",
            "environment": [
              {
                "variables": {
                  "RECEIVER_INDEX": "ReceiverIndex",
                  "TABLE_NAME": "AgentMessages"
                }
              }
            ],
            "ephemeral_storage": [
              {
                "size": 512
              }
            ],
            "file_system_config": [],
            "filename": "./getMessagesLambda.zip",
            "function_name": "getMessagesLambda",
            "handler": "index.handler",
            "id": "getMessagesLambda",
            "image_config": [],
            "image_uri": "",
            "invoke_arn": "arn:aws:apigateway:us-east-1:lambda:path/2015-03-31/functions/arn:aws:lambda:us-east-1:891377344574:function:getMessagesLambda/invocations",
            "kms_key_arn": "",
            "last_modified": "2025-03-14T03:08:01.000+0000",
            "layers": [],
            "logging_config": [
              {
                "application_log_level": "",
                "log_format": "Text",
                "log_group": "/aws/lambda/getMessagesLambda",
                "system_log_level": ""
              }
            ],
            "memory_size": 128,
            "package_type": "Zip",
            "publish": false,
            "qualified_arn": "arn:aws:lambda:us-east-1:891377344574:function:getMessagesLambda:$LATEST",
            "qualified_invoke_arn": "arn:aws:apigateway:us-east-1:lambda:path/2015-03-31/functions/arn:aws:lambda:us-east-1:891377344574:function:getMessagesLambda:$LATEST/invocations",
            "replace_security_groups_on_destroy": null,
            "replacement_security_group_ids": null,
            "reserved_concurrent_executions": -1,
            "role": "arn:aws:iam::891377344574:role/lambda_exec_role",
            "runtime": "nodejs18.x",
            "s3_bucket": null,
            "s3_key": null,
            "s3_object_version": null,
            "signing_job_arn": "",
            "signing_profile_version_arn": "",
            "skip_destroy": false,
            "snap_start": [],
            "source_code_hash": "efgq9ic1fIFqjkAV0/6PCrr1eyQZuvwiAdn79I3mOog=",
            "source_code_size": 161463,
            "tags": {},
            "tags_all": {},
            "timeout": 3,
            "timeouts": null,
            "tracing_config": [
              {
                "mode": "PassThrough"
              }
            ],
            "version": "$LATEST",
            "vpc_config": []
          },
          "sensitive_attributes": [],
          "private": "eyJlMmJmYjczMC1lY2FhLTExZTYtOGY4OC0zNDM2M2JjN2M0YzAiOnsiY3JlYXRlIjo2MDAwMDAwMDAwMDAsImRlbGV0ZSI6NjAwMDAwMDAwMDAwLCJ1cGRhdGUiOjYwMDAwMDAwMDAwMH19",
          "dependencies": [
            "aws_dynamodb_table.agent_messages",
            "aws_iam_role.lambda_exec"
          ]
        }
      ]
    },
    {
      "mode": "managed",
      "type": "aws_lambda_function",
      "name": "oauth2_registry",
      "provider": "provider[\"registry.terraform.io/hashicorp/aws\"]",
      "instances": [
        {
          "schema_version": 0,
          "attributes": {
            "architectures": [
              "x86_64"
            ],
            "arn": "arn:aws:lambda:us-east-1:891377344574:function:agentRegistryLambda",
            "code_sha256": "8mkMoFn0+YOEvPPBcxxNyIv0nPA8CoK1Ej84CoWkEhw=",
            "code_signing_config_arn": "",
            "dead_letter_config": [],
            "description": "",
            "environment": [
              {
                "variables": {
                  "ACL_TABLE": "AccessControl",
                  "AGENT_TABLE": "Agents",
                  "TOKEN_TABLE": "Tokens"
                }
              }
            ],
            "ephemeral_storage": [
              {
                "size": 512
              }
            ],
            "file_system_config": [],
            "filename": "./agentRegistryLambda.zip",
            "function_name": "agentRegistryLambda",
            "handler": "index.handler",
            "id": "agentRegistryLambda",
            "image_config": [],
            "image_uri": "",
            "invoke_arn": "arn:aws:apigateway:us-east-1:lambda:path/2015-03-31/functions/arn:aws:lambda:us-east-1:891377344574:function:agentRegistryLambda/invocations",
            "kms_key_arn": "",
            "last_modified": "2025-03-14T03:08:32.000+0000",
            "layers": [],
            "logging_config": [
              {
                "application_log_level": "",
                "log_format": "Text",
                "log_group": "/aws/lambda/agentRegistryLambda",
                "system_log_level": ""
              }
            ],
            "memory_size": 128,
            "package_type": "Zip",
            "publish": false,
            "qualified_arn": "arn:aws:lambda:us-east-1:891377344574:function:agentRegistryLambda:$LATEST",
            "qualified_invoke_arn": "arn:aws:apigateway:us-east-1:lambda:path/2015-03-31/functions/arn:aws:lambda:us-east-1:891377344574:function:agentRegistryLambda:$LATEST/invocations",
            "replace_security_groups_on_destroy": null,
            "replacement_security_group_ids": null,
            "reserved_concurrent_executions": -1,
            "role": "arn:aws:iam::891377344574:role/lambda_exec_role",
            "runtime": "nodejs18.x",
            "s3_bucket": null,
            "s3_key": null,
            "s3_object_version": null,
            "signing_job_arn": "",
            "signing_profile_version_arn": "",
            "skip_destroy": false,
            "snap_start": [],
            "source_code_hash": "8mkMoFn0+YOEvPPBcxxNyIv0nPA8CoK1Ej84CoWkEhw=",
            "source_code_size": 2003013,
            "tags": {},
            "tags_all": {},
            "timeout": 3,
            "timeouts": null,
            "tracing_config": [
              {
                "mode": "PassThrough"
              }
            ],
            "version": "$LATEST",
            "vpc_config": []
          },
          "sensitive_attributes": [],
          "private": "eyJlMmJmYjczMC1lY2FhLTExZTYtOGY4OC0zNDM2M2JjN2M0YzAiOnsiY3JlYXRlIjo2MDAwMDAwMDAwMDAsImRlbGV0ZSI6NjAwMDAwMDAwMDAwLCJ1cGRhdGUiOjYwMDAwMDAwMDAwMH19",
          "dependencies": [
            "aws_dynamodb_table.access_control",
            "aws_dynamodb_table.agents",
            "aws_dynamodb_table.tokens",
            "aws_iam_role.lambda_exec"
          ]
        }
      ]
    },
    {
      "mode": "managed",
      "type": "aws_lambda_function",
      "name": "send_message",
      "provider": "provider[\"registry.terraform.io/hashicorp/aws\"]",
      "instances": [
        {
          "schema_version": 0,
          "attributes": {
            "architectures": [
              "x86_64"
            ],
            "arn": "arn:aws:lambda:us-east-1:891377344574:function:sendMessageLambda",
            "code_sha256": "J49Yb2i4fIh/dvPHU95xN/f1+JiMmvVrFODdoB23HUA=",
            "code_signing_config_arn": "",
            "dead_letter_config": [],
            "description": "",
            "environment": [
              {
                "variables": {
                  "TABLE_NAME": "AgentMessages"
                }
              }
            ],
            "ephemeral_storage": [
              {
                "size": 512
              }
            ],
            "file_system_config": [],
            "filename": "./sendMessageLambda.zip",
            "function_name": "sendMessageLambda",
            "handler": "index.handler",
            "id": "sendMessageLambda",
            "image_config": [],
            "image_uri": "",
            "invoke_arn": "arn:aws:apigateway:us-east-1:lambda:path/2015-03-31/functions/arn:aws:lambda:us-east-1:891377344574:function:sendMessageLambda/invocations",
            "kms_key_arn": "",
            "last_modified": "2025-03-14T03:08:45.000+0000",
            "layers": [],
            "logging_config": [
              {
                "application_log_level": "",
                "log_format": "Text",
                "log_group": "/aws/lambda/sendMessageLambda",
                "system_log_level": ""
              }
            ],
            "memory_size": 128,
            "package_type": "Zip",
            "publish": false,
            "qualified_arn": "arn:aws:lambda:us-east-1:891377344574:function:sendMessageLambda:$LATEST",
            "qualified_invoke_arn": "arn:aws:apigateway:us-east-1:lambda:path/2015-03-31/functions/arn:aws:lambda:us-east-1:891377344574:function:sendMessageLambda:$LATEST/invocations",
            "replace_security_groups_on_destroy": null,
            "replacement_security_group_ids": null,
            "reserved_concurrent_executions": -1,
            "role": "arn:aws:iam::891377344574:role/lambda_exec_role",
            "runtime": "nodejs18.x",
            "s3_bucket": null,
            "s3_key": null,
            "s3_object_version": null,
            "signing_job_arn": "",
            "signing_profile_version_arn": "",
            "skip_destroy": false,
            "snap_start": [],
            "source_code_hash": "J49Yb2i4fIh/dvPHU95xN/f1+JiMmvVrFODdoB23HUA=",
            "source_code_size": 1928822,
            "tags": {},
            "tags_all": {},
            "timeout": 180,
            "timeouts": null,
            "tracing_config": [
              {
                "mode": "PassThrough"
              }
            ],
            "version": "$LATEST",
            "vpc_config": []
          },
          "sensitive_attributes": [],
          "private": "eyJlMmJmYjczMC1lY2FhLTExZTYtOGY4OC0zNDM2M2JjN2M0YzAiOnsiY3JlYXRlIjo2MDAwMDAwMDAwMDAsImRlbGV0ZSI6NjAwMDAwMDAwMDAwLCJ1cGRhdGUiOjYwMDAwMDAwMDAwMH19",
          "dependencies": [
            "aws_dynamodb_table.agent_messages",
            "aws_iam_role.lambda_exec"
          ]
        }
      ]
    },
    {
      "mode": "managed",
      "type": "aws_lambda_permission",
      "name": "ack_message_apigw",
      "provider": "provider[\"registry.terraform.io/hashicorp/aws\"]",
      "instances": [
        {
          "schema_version": 0,
          "attributes": {
            "action": "lambda:InvokeFunction",
            "event_source_token": null,
            "function_name": "ackMessageLambda",
            "function_url_auth_type": null,
            "id": "AllowAPIGatewayInvokeAckMessage",
            "principal": "apigateway.amazonaws.com",
            "principal_org_id": null,
            "qualifier": "",
            "source_account": null,
            "source_arn": "arn:aws:execute-api:us-east-1:891377344574:0ayys8nze8/*/*/*",
            "statement_id": "AllowAPIGatewayInvokeAckMessage",
            "statement_id_prefix": ""
          },
          "sensitive_attributes": [],
          "private": "bnVsbA==",
          "dependencies": [
            "aws_api_gateway_rest_api.agent_api",
            "aws_dynamodb_table.agent_messages",
            "aws_iam_role.lambda_exec",
            "aws_lambda_function.ack_message"
          ]
        }
      ]
    },
    {
      "mode": "managed",
      "type": "aws_lambda_permission",
      "name": "authorizer_apigw",
      "provider": "provider[\"registry.terraform.io/hashicorp/aws\"]",
      "instances": [
        {
          "schema_version": 0,
          "attributes": {
            "action": "lambda:InvokeFunction",
            "event_source_token": null,
            "function_name": "authroizerLambda",
            "function_url_auth_type": null,
            "id": "AllowAPIGatewayInvokeAuthorizer",
            "principal": "apigateway.amazonaws.com",
            "principal_org_id": null,
            "qualifier": "",
            "source_account": null,
            "source_arn": "arn:aws:execute-api:us-east-1:891377344574:0ayys8nze8/*/*",
            "statement_id": "AllowAPIGatewayInvokeAuthorizer",
            "statement_id_prefix": ""
          },
          "sensitive_attributes": [],
          "private": "bnVsbA==",
          "dependencies": [
            "aws_api_gateway_rest_api.agent_api",
            "aws_iam_role.lambda_exec",
            "aws_lambda_function.authorizer"
          ]
        }
      ]
    },
    {
      "mode": "managed",
      "type": "aws_lambda_permission",
      "name": "get_messages_apigw",
      "provider": "provider[\"registry.terraform.io/hashicorp/aws\"]",
      "instances": [
        {
          "schema_version": 0,
          "attributes": {
            "action": "lambda:InvokeFunction",
            "event_source_token": null,
            "function_name": "getMessagesLambda",
            "function_url_auth_type": null,
            "id": "AllowAPIGatewayInvokeGetMessages",
            "principal": "apigateway.amazonaws.com",
            "principal_org_id": null,
            "qualifier": "",
            "source_account": null,
            "source_arn": "arn:aws:execute-api:us-east-1:891377344574:0ayys8nze8/*/*",
            "statement_id": "AllowAPIGatewayInvokeGetMessages",
            "statement_id_prefix": ""
          },
          "sensitive_attributes": [],
          "private": "bnVsbA==",
          "dependencies": [
            "aws_api_gateway_rest_api.agent_api",
            "aws_dynamodb_table.agent_messages",
            "aws_iam_role.lambda_exec",
            "aws_lambda_function.get_messages"
          ]
        }
      ]
    },
    {
      "mode": "managed",
      "type": "aws_lambda_permission",
      "name": "oauth2_api_gateway",
      "provider": "provider[\"registry.terraform.io/hashicorp/aws\"]",
      "instances": [
        {
          "schema_version": 0,
          "attributes": {
            "action": "lambda:InvokeFunction",
            "event_source_token": null,
            "function_name": "agentRegistryLambda",
            "function_url_auth_type": null,
            "id": "AllowAPIGatewayInvokeOauth2Registry",
            "principal": "apigateway.amazonaws.com",
            "principal_org_id": null,
            "qualifier": "",
            "source_account": null,
            "source_arn": "arn:aws:execute-api:us-east-1:891377344574:0ayys8nze8/*/*",
            "statement_id": "AllowAPIGatewayInvokeOauth2Registry",
            "statement_id_prefix": ""
          },
          "sensitive_attributes": [],
          "private": "bnVsbA==",
          "dependencies": [
            "aws_api_gateway_rest_api.agent_api",
            "aws_dynamodb_table.access_control",
            "aws_dynamodb_table.agents",
            "aws_dynamodb_table.tokens",
            "aws_iam_role.lambda_exec",
            "aws_lambda_function.oauth2_registry"
          ]
        }
      ]
    },
    {
      "mode": "managed",
      "type": "aws_lambda_permission",
      "name": "send_message_apigw",
      "provider": "provider[\"registry.terraform.io/hashicorp/aws\"]",
      "instances": [
        {
          "schema_version": 0,
          "attributes": {
            "action": "lambda:InvokeFunction",
            "event_source_token": null,
            "function_name": "sendMessageLambda",
            "function_url_auth_type": null,
            "id": "AllowAPIGatewayInvokeSendMessage",
            "principal": "apigateway.amazonaws.com",
            "principal_org_id": null,
            "qualifier": "",
            "source_account": null,
            "source_arn": "arn:aws:execute-api:us-east-1:891377344574:0ayys8nze8/*/*",
            "statement_id": "AllowAPIGatewayInvokeSendMessage",
            "statement_id_prefix": ""
          },
          "sensitive_attributes": [],
          "private": "bnVsbA==",
          "dependencies": [
            "aws_api_gateway_rest_api.agent_api",
            "aws_dynamodb_table.agent_messages",
            "aws_iam_role.lambda_exec",
            "aws_lambda_function.send_message"
          ]
        }
      ]
    },
    {
      "mode": "managed",
      "type": "aws_s3_bucket",
      "name": "website_bucket",
      "provider": "provider[\"registry.terraform.io/hashicorp/aws\"]",
      "instances": [
        {
          "schema_version": 0,
          "attributes": {
            "acceleration_status": "",
            "acl": null,
            "arn": "arn:aws:s3:::agent-registry-app-frontend",
            "bucket": "agent-registry-app-frontend",
            "bucket_domain_name": "agent-registry-app-frontend.s3.amazonaws.com",
            "bucket_prefix": "",
            "bucket_regional_domain_name": "agent-registry-app-frontend.s3.us-east-1.amazonaws.com",
            "cors_rule": [
              {
                "allowed_headers": [
                  "*"
                ],
                "allowed_methods": [
                  "GET",
                  "HEAD"
                ],
                "allowed_origins": [
                  "*"
                ],
                "expose_headers": [
                  "ETag"
                ],
                "max_age_seconds": 3000
              }
            ],
            "force_destroy": false,
            "grant": [
              {
                "id": "",
                "permissions": [
                  "READ"
                ],
                "type": "Group",
                "uri": "http://acs.amazonaws.com/groups/global/AllUsers"
              },
              {
                "id": "2d73e3e6fff688392d15ffdbc29d6f05ca2c927d314316299fae82de199413e8",
                "permissions": [
                  "FULL_CONTROL"
                ],
                "type": "CanonicalUser",
                "uri": ""
              }
            ],
            "hosted_zone_id": "Z3AQBSTGFYJSTF",
            "id": "agent-registry-app-frontend",
            "lifecycle_rule": [],
            "logging": [],
            "object_lock_configuration": [],
            "object_lock_enabled": false,
            "policy": "{\"Statement\":[{\"Action\":\"s3:GetObject\",\"Effect\":\"Allow\",\"Principal\":\"*\",\"Resource\":\"arn:aws:s3:::agent-registry-app-frontend/*\"}],\"Version\":\"2012-10-17\"}",
            "region": "us-east-1",
            "replication_configuration": [],
            "request_payer": "BucketOwner",
            "server_side_encryption_configuration": [
              {
                "rule": [
                  {
                    "apply_server_side_encryption_by_default": [
                      {
                        "kms_master_key_id": "",
                        "sse_algorithm": "AES256"
                      }
                    ],
                    "bucket_key_enabled": false
                  }
                ]
              }
            ],
            "tags": {},
            "tags_all": {},
            "timeouts": null,
            "versioning": [
              {
                "enabled": false,
                "mfa_delete": false
              }
            ],
            "website": [
              {
                "error_document": "index.html",
                "index_document": "index.html",
                "redirect_all_requests_to": "",
                "routing_rules": ""
              }
            ],
            "website_domain": "s3-website-us-east-1.amazonaws.com",
            "website_endpoint": "agent-registry-app-frontend.s3-website-us-east-1.amazonaws.com"
          },
          "sensitive_attributes": [],
          "private": "eyJlMmJmYjczMC1lY2FhLTExZTYtOGY4OC0zNDM2M2JjN2M0YzAiOnsiY3JlYXRlIjoxMjAwMDAwMDAwMDAwLCJkZWxldGUiOjM2MDAwMDAwMDAwMDAsInJlYWQiOjEyMDAwMDAwMDAwMDAsInVwZGF0ZSI6MTIwMDAwMDAwMDAwMH19"
        }
      ]
    },
    {
      "mode": "managed",
      "type": "aws_s3_bucket_acl",
      "name": "website_bucket_acl",
      "provider": "provider[\"registry.terraform.io/hashicorp/aws\"]",
      "instances": [
        {
          "schema_version": 0,
          "attributes": {
            "access_control_policy": [
              {
                "grant": [
                  {
                    "grantee": [
                      {
                        "display_name": "",
                        "email_address": "",
                        "id": "",
                        "type": "Group",
                        "uri": "http://acs.amazonaws.com/groups/global/AllUsers"
                      }
                    ],
                    "permission": "READ"
                  },
                  {
                    "grantee": [
                      {
                        "display_name": "reddyguuduru5",
                        "email_address": "",
                        "id": "2d73e3e6fff688392d15ffdbc29d6f05ca2c927d314316299fae82de199413e8",
                        "type": "CanonicalUser",
                        "uri": ""
                      }
                    ],
                    "permission": "FULL_CONTROL"
                  }
                ],
                "owner": [
                  {
                    "display_name": "reddyguuduru5",
                    "id": "2d73e3e6fff688392d15ffdbc29d6f05ca2c927d314316299fae82de199413e8"
                  }
                ]
              }
            ],
            "acl": "public-read",
            "bucket": "agent-registry-app-frontend",
            "expected_bucket_owner": "",
            "id": "agent-registry-app-frontend,public-read"
          },
          "sensitive_attributes": [],
          "private": "bnVsbA==",
          "dependencies": [
            "aws_s3_bucket.website_bucket",
            "aws_s3_bucket_ownership_controls.website_bucket_ownership",
            "aws_s3_bucket_public_access_block.website_bucket_public_access"
          ]
        }
      ]
    },
    {
      "mode": "managed",
      "type": "aws_s3_bucket_cors_configuration",
      "name": "website_bucket_cors",
      "provider": "provider[\"registry.terraform.io/hashicorp/aws\"]",
      "instances": [
        {
          "schema_version": 0,
          "attributes": {
            "bucket": "agent-registry-app-frontend",
            "cors_rule": [
              {
                "allowed_headers": [
                  "*"
                ],
                "allowed_methods": [
                  "GET",
                  "HEAD"
                ],
                "allowed_origins": [
                  "*"
                ],
                "expose_headers": [
                  "ETag"
                ],
                "id": "",
                "max_age_seconds": 3000
              }
            ],
            "expected_bucket_owner": "",
            "id": "agent-registry-app-frontend"
          },
          "sensitive_attributes": [],
          "private": "bnVsbA==",
          "dependencies": [
            "aws_s3_bucket.website_bucket"
          ]
        }
      ]
    },
    {
      "mode": "managed",
      "type": "aws_s3_bucket_ownership_controls",
      "name": "website_bucket_ownership",
      "provider": "provider[\"registry.terraform.io/hashicorp/aws\"]",
      "instances": [
        {
          "schema_version": 0,
          "attributes": {
            "bucket": "agent-registry-app-frontend",
            "id": "agent-registry-app-frontend",
            "rule": [
              {
                "object_ownership": "BucketOwnerPreferred"
              }
            ]
          },
          "sensitive_attributes": [],
          "private": "bnVsbA==",
          "dependencies": [
            "aws_s3_bucket.website_bucket"
          ]
        }
      ]
    },
    {
      "mode": "managed",
      "type": "aws_s3_bucket_policy",
      "name": "website_bucket_policy",
      "provider": "provider[\"registry.terraform.io/hashicorp/aws\"]",
      "instances": [
        {
          "schema_version": 0,
          "attributes": {
            "bucket": "agent-registry-app-frontend",
            "id": "agent-registry-app-frontend",
            "policy": "{\"Statement\":[{\"Action\":\"s3:GetObject\",\"Effect\":\"Allow\",\"Principal\":\"*\",\"Resource\":\"arn:aws:s3:::agent-registry-app-frontend/*\"}],\"Version\":\"2012-10-17\"}"
          },
          "sensitive_attributes": [],
          "private": "bnVsbA==",
          "dependencies": [
            "aws_s3_bucket.website_bucket"
          ]
        }
      ]
    },
    {
      "mode": "managed",
      "type": "aws_s3_bucket_public_access_block",
      "name": "website_bucket_public_access",
      "provider": "provider[\"registry.terraform.io/hashicorp/aws\"]",
      "instances": [
        {
          "schema_version": 0,
          "attributes": {
            "block_public_acls": false,
            "block_public_policy": false,
            "bucket": "agent-registry-app-frontend",
            "id": "agent-registry-app-frontend",
            "ignore_public_acls": false,
            "restrict_public_buckets": false
          },
          "sensitive_attributes": [],
          "private": "bnVsbA==",
          "dependencies": [
            "aws_s3_bucket.website_bucket"
          ]
        }
      ]
    },
    {
      "mode": "managed",
      "type": "aws_s3_bucket_website_configuration",
      "name": "website_config",
      "provider": "provider[\"registry.terraform.io/hashicorp/aws\"]",
      "instances": [
        {
          "schema_version": 0,
          "attributes": {
            "bucket": "agent-registry-app-frontend",
            "error_document": [
              {
                "key": "index.html"
              }
            ],
            "expected_bucket_owner": "",
            "id": "agent-registry-app-frontend",
            "index_document": [
              {
                "suffix": "index.html"
              }
            ],
            "redirect_all_requests_to": [],
            "routing_rule": [],
            "routing_rules": "",
            "website_domain": "s3-website-us-east-1.amazonaws.com",
            "website_endpoint": "agent-registry-app-frontend.s3-website-us-east-1.amazonaws.com"
          },
          "sensitive_attributes": [],
          "private": "bnVsbA==",
          "dependencies": [
            "aws_s3_bucket.website_bucket"
          ]
        }
      ]
    }
  ],
  "check_results": null
}
